<?xml version="1.0" encoding="utf-8"?>
<Project ToolsVersion="4.0" xmlns="http://schemas.microsoft.com/developer/msbuild/2003">
  <ItemGroup>
    <Filter Include="resource">
      <UniqueIdentifier>{67DA6AB6-F800-4c08-8B7A-83BB121AAD01}</UniqueIdentifier>
      <Extensions>rc;ico;cur;bmp;dlg;rc2;rct;bin;rgs;gif;jpg;jpeg;jpe;resx;tiff;tif;png;wav;mfcribbon-ms</Extensions>
    </Filter>
    <Filter Include="framework">
      <UniqueIdentifier>{64b59334-7936-4066-adf9-33792b994397}</UniqueIdentifier>
    </Filter>
    <Filter Include="element">
      <UniqueIdentifier>{c5684b43-9a1c-4a5b-b130-dbeaf8a3e0f7}</UniqueIdentifier>
    </Filter>
    <Filter Include="element\item_cache">
      <UniqueIdentifier>{36e357ca-fab7-4ac4-a9cf-78633a7283d5}</UniqueIdentifier>
    </Filter>
    <Filter Include="element\file_cache">
      <UniqueIdentifier>{df0be4c9-f75c-4092-9756-80065a65cedb}</UniqueIdentifier>
    </Filter>
  </ItemGroup>
  <ItemGroup>
    <ClInclude Include="pch.h">
      <Filter>framework</Filter>
    </ClInclude>
    <ClInclude Include="resource.h">
      <Filter>resource</Filter>
    </ClInclude>
    <ClInclude Include="addin_dialog.hpp" />
    <ClInclude Include="addin.hpp" />
    <ClInclude Include="hive.hpp" />
    <ClInclude Include="config_io.hpp" />
    <ClInclude Include="hook.hpp" />
    <ClInclude Include="app_interface.hpp" />
    <ClInclude Include="app.hpp" />
    <ClInclude Include="addin_window.hpp" />
    <ClInclude Include="sub_process.hpp">
      <Filter>element</Filter>
    </ClInclude>
    <ClInclude Include="item_cache\audio_file.hpp">
      <Filter>element\item_cache</Filter>
    </ClInclude>
    <ClInclude Include="item_cache\core.hpp">
      <Filter>element\item_cache</Filter>
    </ClInclude>
    <ClInclude Include="item_cache\manager.hpp">
      <Filter>element\item_cache</Filter>
    </ClInclude>
    <ClInclude Include="item_cache\node.hpp">
      <Filter>element\item_cache</Filter>
    </ClInclude>
    <ClInclude Include="item_cache\scene_audio.hpp">
      <Filter>element\item_cache</Filter>
    </ClInclude>
    <ClInclude Include="item_cache\context.hpp">
      <Filter>element\item_cache</Filter>
    </ClInclude>
    <ClInclude Include="file_cache\manager.hpp">
      <Filter>element\file_cache</Filter>
    </ClInclude>
    <ClInclude Include="file_cache\node.hpp">
      <Filter>element\file_cache</Filter>
    </ClInclude>
  </ItemGroup>
  <ItemGroup>
    <ClCompile Include="pch.cpp">
      <Filter>framework</Filter>
    </ClCompile>
    <ClCompile Include="main.cpp" />
  </ItemGroup>
  <ItemGroup>
    <None Include="main.def">
      <Filter>framework</Filter>
    </None>
    <None Include="packages.config" />
  </ItemGroup>
  <ItemGroup>
    <ResourceCompile Include="item_wave.aua.rc">
      <Filter>resource</Filter>
    </ResourceCompile>
  </ItemGroup>
  <ItemGroup>
    <Natvis Include="$(MSBuildThisFileDirectory)..\..\natvis\wil.natvis" />
    <Natvis Include="$(MSBuildThisFileDirectory)..\..\natvis\wil.natstepfilter" />
  </ItemGroup>
</Project>