<?xml version="1.0" encoding="utf-8"?>
<Project ToolsVersion="4.0" xmlns="http://schemas.microsoft.com/developer/msbuild/2003">
  <ItemGroup>
    <Filter Include="framework">
      <UniqueIdentifier>{56881fc9-1747-44d6-869b-9c53716128d2}</UniqueIdentifier>
    </Filter>
    <Filter Include="resource">
      <UniqueIdentifier>{67DA6AB6-F800-4c08-8B7A-83BB121AAD01}</UniqueIdentifier>
      <Extensions>rc;ico;cur;bmp;dlg;rc2;rct;bin;rgs;gif;jpg;jpeg;jpe;resx;tiff;tif;png;wav;mfcribbon-ms</Extensions>
    </Filter>
    <Filter Include="control">
      <UniqueIdentifier>{35996297-aa8f-4279-8732-d9022065efc7}</UniqueIdentifier>
    </Filter>
  </ItemGroup>
  <ItemGroup>
    <ClInclude Include="pch.h">
      <Filter>framework</Filter>
    </ClInclude>
    <ClInclude Include="addin.hpp" />
    <ClInclude Include="addin_window.hpp" />
    <ClInclude Include="config_io.hpp" />
    <ClInclude Include="hive.hpp" />
    <ClInclude Include="utils.hpp" />
    <ClInclude Include="hook.hpp" />
    <ClInclude Include="addin_dialog.hpp" />
    <ClInclude Include="resource.h">
      <Filter>resource</Filter>
    </ClInclude>
    <ClInclude Include="app.hpp" />
    <ClInclude Include="app_interface.hpp" />
    <ClInclude Include="preview.hpp">
      <Filter>control</Filter>
    </ClInclude>
    <ClInclude Include="recent.hpp">
      <Filter>control</Filter>
    </ClInclude>
    <ClInclude Include="favorite.hpp">
      <Filter>control</Filter>
    </ClInclude>
  </ItemGroup>
  <ItemGroup>
    <ClCompile Include="pch.cpp">
      <Filter>framework</Filter>
    </ClCompile>
    <ClCompile Include="main.cpp" />
  </ItemGroup>
  <ItemGroup>
    <ResourceCompile Include="font_tree.aua.rc">
      <Filter>resource</Filter>
    </ResourceCompile>
  </ItemGroup>
  <ItemGroup>
    <None Include="main.def">
      <Filter>framework</Filter>
    </None>
  </ItemGroup>
</Project>