
Microsoft Visual Studio Solution File, Format Version 12.00
# Visual Studio Version 16
VisualStudioVersion = 16.0.31424.327
MinimumVisualStudioVersion = 10.0.40219.1
Project("{8BC9CEB8-8B4A-11D0-8D11-00A0C91BC942}") = "Ultimate", "Ultimate\Ultimate.vcxproj", "{8E583504-3780-4129-BCC2-BA590DBD0D0E}"
	ProjectSection(ProjectDependencies) = postProject
		{E80E8462-911F-4EAB-B83B-D4B2DFE2010D} = {E80E8462-911F-4EAB-B83B-D4B2DFE2010D}
		{9B59E47F-0E71-4672-8CB7-2FB03F8BC973} = {9B59E47F-0E71-4672-8CB7-2FB03F8BC973}
	EndProjectSection
EndProject
Project("{2150E333-8FDC-42A3-9474-1A3956D46DE8}") = "Solution Items", "Solution Items", "{3BA88203-63EF-4334-AF22-39C789AA8406}"
	ProjectSection(SolutionItems) = preProject
		CREDITS.md = CREDITS.md
		LICENSE = LICENSE
		README.md = README.md
	EndProjectSection
EndProject
Project("{8BC9CEB8-8B4A-11D0-8D11-00A0C91BC942}") = "EditBoxTweaker", "EditBoxTweaker\EditBoxTweaker.vcxproj", "{4864168D-B254-4632-83F9-93CA7B290000}"
EndProject
Project("{8BC9CEB8-8B4A-11D0-8D11-00A0C91BC942}") = "FilterDrag", "FilterDrag\FilterDrag.vcxproj", "{FA6CC467-C0C6-4E99-A543-1CB40C83671D}"
EndProject
Project("{8BC9CEB8-8B4A-11D0-8D11-00A0C91BC942}") = "FilterCopy", "FilterCopy\FilterCopy.vcxproj", "{2B224387-D48D-4033-AC5A-799292E625B4}"
EndProject
Project("{8BC9CEB8-8B4A-11D0-8D11-00A0C91BC942}") = "ExEditTweaker", "ExEditTweaker\ExEditTweaker.vcxproj", "{D899AA9C-DFE3-4563-AAC1-A31A0760DC7C}"
EndProject
Project("{8BC9CEB8-8B4A-11D0-8D11-00A0C91BC942}") = "Filer", "Filer\Filer.vcxproj", "{3CCD5147-283F-4755-8637-5D58B950AA8B}"
EndProject
Project("{8BC9CEB8-8B4A-11D0-8D11-00A0C91BC942}") = "FilerGui", "FilerGui\FilerGui.vcxproj", "{55A5179B-D41A-4908-ABAA-E81E16191D3F}"
EndProject
Project("{8BC9CEB8-8B4A-11D0-8D11-00A0C91BC942}") = "Ultimate.aul", "Ultimate.aul\Ultimate.aul.vcxproj", "{FEDF86E4-E3F5-43AC-9210-402DB95B4D86}"
EndProject
Project("{8BC9CEB8-8B4A-11D0-8D11-00A0C91BC942}") = "Nest", "Nest\Nest.vcxproj", "{55AF099C-72AF-490D-A7AC-99DB7EAE5675}"
EndProject
Project("{8BC9CEB8-8B4A-11D0-8D11-00A0C91BC942}") = "Dark", "Dark\Dark.vcxproj", "{9B59E47F-0E71-4672-8CB7-2FB03F8BC973}"
EndProject
Project("{8BC9CEB8-8B4A-11D0-8D11-00A0C91BC942}") = "ColorCode", "ColorCode\ColorCode.vcxproj", "{E80E8462-911F-4EAB-B83B-D4B2DFE2010D}"
EndProject
Project("{8BC9CEB8-8B4A-11D0-8D11-00A0C91BC942}") = "DialogPosition", "DialogPosition\DialogPosition.vcxproj", "{8E12812D-891A-4165-B356-A3D8E41F8396}"
EndProject
Project("{8BC9CEB8-8B4A-11D0-8D11-00A0C91BC942}") = "LastFrame", "LastFrame\LastFrame.vcxproj", "{4797BB8D-501F-4F13-8C75-E9E1D8A14EF5}"
EndProject
Global
	GlobalSection(SolutionConfigurationPlatforms) = preSolution
		Debug|x64 = Debug|x64
		Debug|x86 = Debug|x86
		Release|x64 = Release|x64
		Release|x86 = Release|x86
	EndGlobalSection
	GlobalSection(ProjectConfigurationPlatforms) = postSolution
		{8E583504-3780-4129-BCC2-BA590DBD0D0E}.Debug|x64.ActiveCfg = Debug|x64
		{8E583504-3780-4129-BCC2-BA590DBD0D0E}.Debug|x64.Build.0 = Debug|x64
		{8E583504-3780-4129-BCC2-BA590DBD0D0E}.Debug|x86.ActiveCfg = Debug|Win32
		{8E583504-3780-4129-BCC2-BA590DBD0D0E}.Debug|x86.Build.0 = Debug|Win32
		{8E583504-3780-4129-BCC2-BA590DBD0D0E}.Release|x64.ActiveCfg = Release|x64
		{8E583504-3780-4129-BCC2-BA590DBD0D0E}.Release|x64.Build.0 = Release|x64
		{8E583504-3780-4129-BCC2-BA590DBD0D0E}.Release|x86.ActiveCfg = Release|Win32
		{8E583504-3780-4129-BCC2-BA590DBD0D0E}.Release|x86.Build.0 = Release|Win32
		{4864168D-B254-4632-83F9-93CA7B290000}.Debug|x64.ActiveCfg = Debug|x64
		{4864168D-B254-4632-83F9-93CA7B290000}.Debug|x64.Build.0 = Debug|x64
		{4864168D-B254-4632-83F9-93CA7B290000}.Debug|x86.ActiveCfg = Debug|Win32
		{4864168D-B254-4632-83F9-93CA7B290000}.Debug|x86.Build.0 = Debug|Win32
		{4864168D-B254-4632-83F9-93CA7B290000}.Release|x64.ActiveCfg = Release|x64
		{4864168D-B254-4632-83F9-93CA7B290000}.Release|x64.Build.0 = Release|x64
		{4864168D-B254-4632-83F9-93CA7B290000}.Release|x86.ActiveCfg = Release|Win32
		{4864168D-B254-4632-83F9-93CA7B290000}.Release|x86.Build.0 = Release|Win32
		{FA6CC467-C0C6-4E99-A543-1CB40C83671D}.Debug|x64.ActiveCfg = Debug|x64
		{FA6CC467-C0C6-4E99-A543-1CB40C83671D}.Debug|x64.Build.0 = Debug|x64
		{FA6CC467-C0C6-4E99-A543-1CB40C83671D}.Debug|x86.ActiveCfg = Debug|Win32
		{FA6CC467-C0C6-4E99-A543-1CB40C83671D}.Debug|x86.Build.0 = Debug|Win32
		{FA6CC467-C0C6-4E99-A543-1CB40C83671D}.Release|x64.ActiveCfg = Release|x64
		{FA6CC467-C0C6-4E99-A543-1CB40C83671D}.Release|x64.Build.0 = Release|x64
		{FA6CC467-C0C6-4E99-A543-1CB40C83671D}.Release|x86.ActiveCfg = Release|Win32
		{FA6CC467-C0C6-4E99-A543-1CB40C83671D}.Release|x86.Build.0 = Release|Win32
		{2B224387-D48D-4033-AC5A-799292E625B4}.Debug|x64.ActiveCfg = Debug|x64
		{2B224387-D48D-4033-AC5A-799292E625B4}.Debug|x64.Build.0 = Debug|x64
		{2B224387-D48D-4033-AC5A-799292E625B4}.Debug|x86.ActiveCfg = Debug|Win32
		{2B224387-D48D-4033-AC5A-799292E625B4}.Debug|x86.Build.0 = Debug|Win32
		{2B224387-D48D-4033-AC5A-799292E625B4}.Release|x64.ActiveCfg = Release|x64
		{2B224387-D48D-4033-AC5A-799292E625B4}.Release|x64.Build.0 = Release|x64
		{2B224387-D48D-4033-AC5A-799292E625B4}.Release|x86.ActiveCfg = Release|Win32
		{2B224387-D48D-4033-AC5A-799292E625B4}.Release|x86.Build.0 = Release|Win32
		{D899AA9C-DFE3-4563-AAC1-A31A0760DC7C}.Debug|x64.ActiveCfg = Debug|x64
		{D899AA9C-DFE3-4563-AAC1-A31A0760DC7C}.Debug|x64.Build.0 = Debug|x64
		{D899AA9C-DFE3-4563-AAC1-A31A0760DC7C}.Debug|x86.ActiveCfg = Debug|Win32
		{D899AA9C-DFE3-4563-AAC1-A31A0760DC7C}.Debug|x86.Build.0 = Debug|Win32
		{D899AA9C-DFE3-4563-AAC1-A31A0760DC7C}.Release|x64.ActiveCfg = Release|x64
		{D899AA9C-DFE3-4563-AAC1-A31A0760DC7C}.Release|x64.Build.0 = Release|x64
		{D899AA9C-DFE3-4563-AAC1-A31A0760DC7C}.Release|x86.ActiveCfg = Release|Win32
		{D899AA9C-DFE3-4563-AAC1-A31A0760DC7C}.Release|x86.Build.0 = Release|Win32
		{3CCD5147-283F-4755-8637-5D58B950AA8B}.Debug|x64.ActiveCfg = Debug|x64
		{3CCD5147-283F-4755-8637-5D58B950AA8B}.Debug|x64.Build.0 = Debug|x64
		{3CCD5147-283F-4755-8637-5D58B950AA8B}.Debug|x86.ActiveCfg = Debug|Win32
		{3CCD5147-283F-4755-8637-5D58B950AA8B}.Debug|x86.Build.0 = Debug|Win32
		{3CCD5147-283F-4755-8637-5D58B950AA8B}.Release|x64.ActiveCfg = Release|x64
		{3CCD5147-283F-4755-8637-5D58B950AA8B}.Release|x64.Build.0 = Release|x64
		{3CCD5147-283F-4755-8637-5D58B950AA8B}.Release|x86.ActiveCfg = Release|Win32
		{3CCD5147-283F-4755-8637-5D58B950AA8B}.Release|x86.Build.0 = Release|Win32
		{55A5179B-D41A-4908-ABAA-E81E16191D3F}.Debug|x64.ActiveCfg = Debug|x64
		{55A5179B-D41A-4908-ABAA-E81E16191D3F}.Debug|x64.Build.0 = Debug|x64
		{55A5179B-D41A-4908-ABAA-E81E16191D3F}.Debug|x86.ActiveCfg = Debug|Win32
		{55A5179B-D41A-4908-ABAA-E81E16191D3F}.Debug|x86.Build.0 = Debug|Win32
		{55A5179B-D41A-4908-ABAA-E81E16191D3F}.Release|x64.ActiveCfg = Release|x64
		{55A5179B-D41A-4908-ABAA-E81E16191D3F}.Release|x64.Build.0 = Release|x64
		{55A5179B-D41A-4908-ABAA-E81E16191D3F}.Release|x86.ActiveCfg = Release|Win32
		{55A5179B-D41A-4908-ABAA-E81E16191D3F}.Release|x86.Build.0 = Release|Win32
		{FEDF86E4-E3F5-43AC-9210-402DB95B4D86}.Debug|x64.ActiveCfg = Debug|x64
		{FEDF86E4-E3F5-43AC-9210-402DB95B4D86}.Debug|x64.Build.0 = Debug|x64
		{FEDF86E4-E3F5-43AC-9210-402DB95B4D86}.Debug|x86.ActiveCfg = Debug|Win32
		{FEDF86E4-E3F5-43AC-9210-402DB95B4D86}.Debug|x86.Build.0 = Debug|Win32
		{FEDF86E4-E3F5-43AC-9210-402DB95B4D86}.Release|x64.ActiveCfg = Release|x64
		{FEDF86E4-E3F5-43AC-9210-402DB95B4D86}.Release|x64.Build.0 = Release|x64
		{FEDF86E4-E3F5-43AC-9210-402DB95B4D86}.Release|x86.ActiveCfg = Release|Win32
		{FEDF86E4-E3F5-43AC-9210-402DB95B4D86}.Release|x86.Build.0 = Release|Win32
		{55AF099C-72AF-490D-A7AC-99DB7EAE5675}.Debug|x64.ActiveCfg = Debug|x64
		{55AF099C-72AF-490D-A7AC-99DB7EAE5675}.Debug|x64.Build.0 = Debug|x64
		{55AF099C-72AF-490D-A7AC-99DB7EAE5675}.Debug|x86.ActiveCfg = Debug|Win32
		{55AF099C-72AF-490D-A7AC-99DB7EAE5675}.Debug|x86.Build.0 = Debug|Win32
		{55AF099C-72AF-490D-A7AC-99DB7EAE5675}.Release|x64.ActiveCfg = Release|x64
		{55AF099C-72AF-490D-A7AC-99DB7EAE5675}.Release|x64.Build.0 = Release|x64
		{55AF099C-72AF-490D-A7AC-99DB7EAE5675}.Release|x86.ActiveCfg = Release|Win32
		{55AF099C-72AF-490D-A7AC-99DB7EAE5675}.Release|x86.Build.0 = Release|Win32
		{9B59E47F-0E71-4672-8CB7-2FB03F8BC973}.Debug|x64.ActiveCfg = Debug|x64
		{9B59E47F-0E71-4672-8CB7-2FB03F8BC973}.Debug|x64.Build.0 = Debug|x64
		{9B59E47F-0E71-4672-8CB7-2FB03F8BC973}.Debug|x86.ActiveCfg = Debug|Win32
		{9B59E47F-0E71-4672-8CB7-2FB03F8BC973}.Debug|x86.Build.0 = Debug|Win32
		{9B59E47F-0E71-4672-8CB7-2FB03F8BC973}.Release|x64.ActiveCfg = Release|x64
		{9B59E47F-0E71-4672-8CB7-2FB03F8BC973}.Release|x64.Build.0 = Release|x64
		{9B59E47F-0E71-4672-8CB7-2FB03F8BC973}.Release|x86.ActiveCfg = Release|Win32
		{9B59E47F-0E71-4672-8CB7-2FB03F8BC973}.Release|x86.Build.0 = Release|Win32
		{E80E8462-911F-4EAB-B83B-D4B2DFE2010D}.Debug|x64.ActiveCfg = Debug|x64
		{E80E8462-911F-4EAB-B83B-D4B2DFE2010D}.Debug|x64.Build.0 = Debug|x64
		{E80E8462-911F-4EAB-B83B-D4B2DFE2010D}.Debug|x86.ActiveCfg = Debug|Win32
		{E80E8462-911F-4EAB-B83B-D4B2DFE2010D}.Debug|x86.Build.0 = Debug|Win32
		{E80E8462-911F-4EAB-B83B-D4B2DFE2010D}.Release|x64.ActiveCfg = Release|x64
		{E80E8462-911F-4EAB-B83B-D4B2DFE2010D}.Release|x64.Build.0 = Release|x64
		{E80E8462-911F-4EAB-B83B-D4B2DFE2010D}.Release|x86.ActiveCfg = Release|Win32
		{E80E8462-911F-4EAB-B83B-D4B2DFE2010D}.Release|x86.Build.0 = Release|Win32
		{8E12812D-891A-4165-B356-A3D8E41F8396}.Debug|x64.ActiveCfg = Debug|x64
		{8E12812D-891A-4165-B356-A3D8E41F8396}.Debug|x64.Build.0 = Debug|x64
		{8E12812D-891A-4165-B356-A3D8E41F8396}.Debug|x86.ActiveCfg = Debug|Win32
		{8E12812D-891A-4165-B356-A3D8E41F8396}.Debug|x86.Build.0 = Debug|Win32
		{8E12812D-891A-4165-B356-A3D8E41F8396}.Release|x64.ActiveCfg = Release|x64
		{8E12812D-891A-4165-B356-A3D8E41F8396}.Release|x64.Build.0 = Release|x64
		{8E12812D-891A-4165-B356-A3D8E41F8396}.Release|x86.ActiveCfg = Release|Win32
		{8E12812D-891A-4165-B356-A3D8E41F8396}.Release|x86.Build.0 = Release|Win32
		{4797BB8D-501F-4F13-8C75-E9E1D8A14EF5}.Debug|x64.ActiveCfg = Debug|x64
		{4797BB8D-501F-4F13-8C75-E9E1D8A14EF5}.Debug|x64.Build.0 = Debug|x64
		{4797BB8D-501F-4F13-8C75-E9E1D8A14EF5}.Debug|x86.ActiveCfg = Debug|Win32
		{4797BB8D-501F-4F13-8C75-E9E1D8A14EF5}.Debug|x86.Build.0 = Debug|Win32
		{4797BB8D-501F-4F13-8C75-E9E1D8A14EF5}.Release|x64.ActiveCfg = Release|x64
		{4797BB8D-501F-4F13-8C75-E9E1D8A14EF5}.Release|x64.Build.0 = Release|x64
		{4797BB8D-501F-4F13-8C75-E9E1D8A14EF5}.Release|x86.ActiveCfg = Release|Win32
		{4797BB8D-501F-4F13-8C75-E9E1D8A14EF5}.Release|x86.Build.0 = Release|Win32
	EndGlobalSection
	GlobalSection(SolutionProperties) = preSolution
		HideSolutionNode = FALSE
	EndGlobalSection
	GlobalSection(ExtensibilityGlobals) = postSolution
		SolutionGuid = {483B1548-7CEB-4168-9525-A4CC4E5C6250}
	EndGlobalSection
EndGlobal
