
Microsoft Visual Studio Solution File, Format Version 12.00
# Visual Studio Version 17
VisualStudioVersion = 17.9.34701.34
MinimumVisualStudioVersion = 10.0.40219.1
Project("{2150E333-8FDC-42A3-9474-1A3956D46DE8}") = "Solution Items", "Solution Items", "{3BA88203-63EF-4334-AF22-39C789AA8406}"
	ProjectSection(SolutionItems) = preProject
		.editorconfig = .editorconfig
		CONTRIBUTING.md = CONTRIBUTING.md
		CREDITS.md = CREDITS.md
		LICENSE = LICENSE
		README.md = README.md
	EndProjectSection
EndProject
Project("{2150E333-8FDC-42A3-9474-1A3956D46DE8}") = "share", "share", "{0BBEBC9E-687F-444A-9B8A-2FF6B83C740B}"
EndProject
Project("{8BC9CEB8-8B4A-11D0-8D11-00A0C91BC942}") = "install.exe", "install.exe\install.exe.vcxproj", "{8564CFEE-53D8-43E7-A7BB-FD1C772D68BC}"
EndProject
Project("{8BC9CEB8-8B4A-11D0-8D11-00A0C91BC942}") = "ultimate.auf", "ultimate.auf\ultimate.auf.vcxproj", "{8E583504-3780-4129-BCC2-BA590DBD0D0E}"
	ProjectSection(ProjectDependencies) = postProject
		{FEDF86E4-E3F5-43AC-9210-402DB95B4D86} = {FEDF86E4-E3F5-43AC-9210-402DB95B4D86}
	EndProjectSection
EndProject
Project("{8BC9CEB8-8B4A-11D0-8D11-00A0C91BC942}") = "ultimate.aul", "ultimate.aul\ultimate.aul.vcxproj", "{FEDF86E4-E3F5-43AC-9210-402DB95B4D86}"
EndProject
Global
	GlobalSection(SolutionConfigurationPlatforms) = preSolution
		Debug|x64 = Debug|x64
		Debug|x86 = Debug|x86
		Release|x64 = Release|x64
		Release|x86 = Release|x86
	EndGlobalSection
	GlobalSection(ProjectConfigurationPlatforms) = postSolution
		{8564CFEE-53D8-43E7-A7BB-FD1C772D68BC}.Debug|x64.ActiveCfg = Debug|x64
		{8564CFEE-53D8-43E7-A7BB-FD1C772D68BC}.Debug|x64.Build.0 = Debug|x64
		{8564CFEE-53D8-43E7-A7BB-FD1C772D68BC}.Debug|x86.ActiveCfg = Debug|Win32
		{8564CFEE-53D8-43E7-A7BB-FD1C772D68BC}.Debug|x86.Build.0 = Debug|Win32
		{8564CFEE-53D8-43E7-A7BB-FD1C772D68BC}.Release|x64.ActiveCfg = Release|x64
		{8564CFEE-53D8-43E7-A7BB-FD1C772D68BC}.Release|x64.Build.0 = Release|x64
		{8564CFEE-53D8-43E7-A7BB-FD1C772D68BC}.Release|x86.ActiveCfg = Release|Win32
		{8564CFEE-53D8-43E7-A7BB-FD1C772D68BC}.Release|x86.Build.0 = Release|Win32
		{8E583504-3780-4129-BCC2-BA590DBD0D0E}.Debug|x64.ActiveCfg = Debug|x64
		{8E583504-3780-4129-BCC2-BA590DBD0D0E}.Debug|x64.Build.0 = Debug|x64
		{8E583504-3780-4129-BCC2-BA590DBD0D0E}.Debug|x86.ActiveCfg = Debug|Win32
		{8E583504-3780-4129-BCC2-BA590DBD0D0E}.Debug|x86.Build.0 = Debug|Win32
		{8E583504-3780-4129-BCC2-BA590DBD0D0E}.Release|x64.ActiveCfg = Release|x64
		{8E583504-3780-4129-BCC2-BA590DBD0D0E}.Release|x64.Build.0 = Release|x64
		{8E583504-3780-4129-BCC2-BA590DBD0D0E}.Release|x86.ActiveCfg = Release|Win32
		{8E583504-3780-4129-BCC2-BA590DBD0D0E}.Release|x86.Build.0 = Release|Win32
		{FEDF86E4-E3F5-43AC-9210-402DB95B4D86}.Debug|x64.ActiveCfg = Debug|x64
		{FEDF86E4-E3F5-43AC-9210-402DB95B4D86}.Debug|x64.Build.0 = Debug|x64
		{FEDF86E4-E3F5-43AC-9210-402DB95B4D86}.Debug|x86.ActiveCfg = Debug|Win32
		{FEDF86E4-E3F5-43AC-9210-402DB95B4D86}.Debug|x86.Build.0 = Debug|Win32
		{FEDF86E4-E3F5-43AC-9210-402DB95B4D86}.Release|x64.ActiveCfg = Release|x64
		{FEDF86E4-E3F5-43AC-9210-402DB95B4D86}.Release|x64.Build.0 = Release|x64
		{FEDF86E4-E3F5-43AC-9210-402DB95B4D86}.Release|x86.ActiveCfg = Release|Win32
		{FEDF86E4-E3F5-43AC-9210-402DB95B4D86}.Release|x86.Build.0 = Release|Win32
	EndGlobalSection
	GlobalSection(SolutionProperties) = preSolution
		HideSolutionNode = FALSE
	EndGlobalSection
	GlobalSection(NestedProjects) = preSolution
		{0BBEBC9E-687F-444A-9B8A-2FF6B83C740B} = {3BA88203-63EF-4334-AF22-39C789AA8406}
	EndGlobalSection
	GlobalSection(ExtensibilityGlobals) = postSolution
		SolutionGuid = {483B1548-7CEB-4168-9525-A4CC4E5C6250}
	EndGlobalSection
EndGlobal
