
Microsoft Visual Studio Solution File, Format Version 12.00
# Visual Studio Version 17
VisualStudioVersion = 17.10.34916.146
MinimumVisualStudioVersion = 10.0.40219.1
Project("{2150E333-8FDC-42A3-9474-1A3956D46DE8}") = "Solution Items", "Solution Items", "{3BA88203-63EF-4334-AF22-39C789AA8406}"
	ProjectSection(SolutionItems) = preProject
		.editorconfig = .editorconfig
		CONTRIBUTING.md = CONTRIBUTING.md
		CREDITS.md = CREDITS.md
		LICENSE = LICENSE
		README.md = README.md
	EndProjectSection
EndProject
Project("{2150E333-8FDC-42A3-9474-1A3956D46DE8}") = "share", "share", "{0BBEBC9E-687F-444A-9B8A-2FF6B83C740B}"
	ProjectSection(SolutionItems) = preProject
		common\share\dark.hpp = common\share\dark.hpp
		common\share\dark_api.hpp = common\share\dark_api.hpp
		common\share\ease_select.hpp = common\share\ease_select.hpp
		common\share\filer.hpp = common\share\filer.hpp
		common\share\font_preview.hpp = common\share\font_preview.hpp
		common\share\item_wave.hpp = common\share\item_wave.hpp
		common\share\workspace.hpp = common\share\workspace.hpp
	EndProjectSection
EndProject
Project("{8BC9CEB8-8B4A-11D0-8D11-00A0C91BC942}") = "ultimate.auf", "ultimate.auf\ultimate.auf.vcxproj", "{8E583504-3780-4129-BCC2-BA590DBD0D0E}"
	ProjectSection(ProjectDependencies) = postProject
		{FEDF86E4-E3F5-43AC-9210-402DB95B4D86} = {FEDF86E4-E3F5-43AC-9210-402DB95B4D86}
	EndProjectSection
EndProject
Project("{8BC9CEB8-8B4A-11D0-8D11-00A0C91BC942}") = "ultimate.aul", "ultimate.aul\ultimate.aul.vcxproj", "{FEDF86E4-E3F5-43AC-9210-402DB95B4D86}"
EndProject
Project("{8BC9CEB8-8B4A-11D0-8D11-00A0C91BC942}") = "exedit_tweaker.aua", "exedit_tweaker.aua\exedit_tweaker.aua.vcxproj", "{D899AA9C-DFE3-4563-AAC1-A31A0760DC7C}"
EndProject
Project("{8BC9CEB8-8B4A-11D0-8D11-00A0C91BC942}") = "editbox_tweaker.aua", "editbox_tweaker.aua\editbox_tweaker.aua.vcxproj", "{4864168D-B254-4632-83F9-93CA7B290000}"
EndProject
Project("{2150E333-8FDC-42A3-9474-1A3956D46DE8}") = "common", "common", "{BE989537-3C2C-4203-B191-68FAB3DCA4BA}"
EndProject
Project("{2150E333-8FDC-42A3-9474-1A3956D46DE8}") = "core", "core", "{9759D4C9-AC69-47A6-B960-F56698BF33A0}"
	ProjectSection(SolutionItems) = preProject
		common\core\addin.hpp = common\core\addin.hpp
		common\core\addin_manager.hpp = common\core\addin_manager.hpp
		common\core\filter_holder.hpp = common\core\filter_holder.hpp
		common\core\gdi_bitmap.hpp = common\core\gdi_bitmap.hpp
		common\core\include.hpp = common\core\include.hpp
		common\core\layered_window_info.hpp = common\core\layered_window_info.hpp
		common\core\magi.hpp = common\core\magi.hpp
		common\core\module.hpp = common\core\module.hpp
		common\core\object_holder.hpp = common\core\object_holder.hpp
		common\core\std_addin_dialog.hpp = common\core\std_addin_dialog.hpp
		common\core\std_addin_window.hpp = common\core\std_addin_window.hpp
		common\core\std_config_io.hpp = common\core\std_config_io.hpp
	EndProjectSection
EndProject
Project("{2150E333-8FDC-42A3-9474-1A3956D46DE8}") = "my", "my", "{00F74984-FDAF-436E-AD13-CF1C80ADEFD5}"
	ProjectSection(SolutionItems) = preProject
		common\my\detours.hpp = common\my\detours.hpp
		common\my\dialog.hpp = common\my\dialog.hpp
		common\my\dialog2.hpp = common\my\dialog2.hpp
		common\my\file_update_checker.hpp = common\my\file_update_checker.hpp
		common\my\gdi.hpp = common\my\gdi.hpp
		common\my\gdiplus.hpp = common\my\gdiplus.hpp
		common\my\json.hpp = common\my\json.hpp
		common\my\label.hpp = common\my\label.hpp
		common\my\layout.hpp = common\my\layout.hpp
		common\my\mfc.hpp = common\my\mfc.hpp
		common\my\nanovg.hpp = common\my\nanovg.hpp
		common\my\shortcut_key.hpp = common\my\shortcut_key.hpp
		common\my\str_utils.hpp = common\my\str_utils.hpp
		common\my\tools.hpp = common\my\tools.hpp
		common\my\trace.hpp = common\my\trace.hpp
		common\my\trace_to_file.hpp = common\my\trace_to_file.hpp
		common\my\window.hpp = common\my\window.hpp
		common\my\window2.hpp = common\my\window2.hpp
		common\my\window_interseptor.hpp = common\my\window_interseptor.hpp
		common\my\win_utils.hpp = common\my\win_utils.hpp
		common\my\win_wrap.hpp = common\my\win_wrap.hpp
	EndProjectSection
EndProject
Project("{2150E333-8FDC-42A3-9474-1A3956D46DE8}") = "aviutl", "aviutl", "{A4CD8F73-BC82-4B97-8E94-92FF409C5D96}"
	ProjectSection(SolutionItems) = preProject
		common\my\aviutl\aviutl_internal.hpp = common\my\aviutl\aviutl_internal.hpp
		common\my\aviutl\exedit_internal.hpp = common\my\aviutl\exedit_internal.hpp
		common\my\aviutl\plugin_window.hpp = common\my\aviutl\plugin_window.hpp
		common\my\aviutl\plugin_window_extension.hpp = common\my\aviutl\plugin_window_extension.hpp
		common\my\aviutl\slider_panel.hpp = common\my\aviutl\slider_panel.hpp
		common\my\aviutl\window_holder_extension.hpp = common\my\aviutl\window_holder_extension.hpp
	EndProjectSection
EndProject
Project("{8BC9CEB8-8B4A-11D0-8D11-00A0C91BC942}") = "filter_copy.aua", "filter_copy.aua\filter_copy.aua.vcxproj", "{2B224387-D48D-4033-AC5A-799292E625B4}"
EndProject
Project("{8BC9CEB8-8B4A-11D0-8D11-00A0C91BC942}") = "filter_drag.aua", "filter_drag.aua\filter_drag.aua.vcxproj", "{FA6CC467-C0C6-4E99-A543-1CB40C83671D}"
EndProject
Project("{8BC9CEB8-8B4A-11D0-8D11-00A0C91BC942}") = "filer.aua", "filer.aua\filer.aua.vcxproj", "{3CCD5147-283F-4755-8637-5D58B950AA8B}"
EndProject
Project("{8BC9CEB8-8B4A-11D0-8D11-00A0C91BC942}") = "filer_ui.exe", "filer_ui.exe\filer_ui.exe.vcxproj", "{55A5179B-D41A-4908-ABAA-E81E16191D3F}"
EndProject
Project("{8BC9CEB8-8B4A-11D0-8D11-00A0C91BC942}") = "ease_select.aua", "ease_select.aua\ease_select.aua.vcxproj", "{17F1FBB1-12B2-47EC-B6FB-B3BD0BAABBF6}"
EndProject
Project("{8BC9CEB8-8B4A-11D0-8D11-00A0C91BC942}") = "ease_select_ui.exe", "ease_select_ui.exe\ease_select_ui.exe.vcxproj", "{965D4EBA-7A29-4B4F-BBF6-386184F9947A}"
EndProject
Project("{8BC9CEB8-8B4A-11D0-8D11-00A0C91BC942}") = "color_code.aua", "color_code.aua\color_code.aua.vcxproj", "{E80E8462-911F-4EAB-B83B-D4B2DFE2010D}"
EndProject
Project("{8BC9CEB8-8B4A-11D0-8D11-00A0C91BC942}") = "zoom_select.aua", "zoom_select.aua\zoom_select.aua.vcxproj", "{AF909173-77CA-4F05-8B83-56F2942A2ED8}"
EndProject
Project("{8BC9CEB8-8B4A-11D0-8D11-00A0C91BC942}") = "font_preview.aua", "font_preview.aua\font_preview.aua.vcxproj", "{09227B87-09CB-43E7-8B86-8E32A3B4C6A2}"
EndProject
Project("{8BC9CEB8-8B4A-11D0-8D11-00A0C91BC942}") = "font_select.aua", "font_select.aua\font_select.aua.vcxproj", "{6738BA93-5F7C-40A7-9407-FBF6525FFA04}"
EndProject
Project("{8BC9CEB8-8B4A-11D0-8D11-00A0C91BC942}") = "item_align.aua", "item_align.aua\item_align.aua.vcxproj", "{322F9334-7978-4341-BB56-344A9E785A62}"
EndProject
Project("{8BC9CEB8-8B4A-11D0-8D11-00A0C91BC942}") = "text_split.aua", "text_split.aua\text_split.aua.vcxproj", "{F53A67A7-245C-4D2F-9215-B77AA8429E80}"
EndProject
Project("{8BC9CEB8-8B4A-11D0-8D11-00A0C91BC942}") = "image_export.aua", "image_export.aua\image_export.aua.vcxproj", "{B14F4A09-5AC5-4FB5-9E73-441964EB32BC}"
EndProject
Project("{8BC9CEB8-8B4A-11D0-8D11-00A0C91BC942}") = "dialog_position.aua", "dialog_position.aua\dialog_position.aua.vcxproj", "{8E12812D-891A-4165-B356-A3D8E41F8396}"
EndProject
Project("{8BC9CEB8-8B4A-11D0-8D11-00A0C91BC942}") = "dialog_size.aua", "dialog_size.aua\dialog_size.aua.vcxproj", "{04EA249D-8DD8-49C6-9606-4BA0954BF58E}"
EndProject
Project("{8BC9CEB8-8B4A-11D0-8D11-00A0C91BC942}") = "last_frame.aua", "last_frame.aua\last_frame.aua.vcxproj", "{4797BB8D-501F-4F13-8C75-E9E1D8A14EF5}"
EndProject
Project("{8BC9CEB8-8B4A-11D0-8D11-00A0C91BC942}") = "namecage.aua", "namecage.aua\namecage.aua.vcxproj", "{49E1E1E4-073B-42B9-921F-9084508C0610}"
EndProject
Project("{8BC9CEB8-8B4A-11D0-8D11-00A0C91BC942}") = "dirty_check.aua", "dirty_check.aua\dirty_check.aua.vcxproj", "{31632C10-7899-482E-938D-BC2BA81DB7F6}"
EndProject
Project("{8BC9CEB8-8B4A-11D0-8D11-00A0C91BC942}") = "output_check.aua", "output_check.aua\output_check.aua.vcxproj", "{FE437241-1D58-452F-A97C-0BA437E9C4E7}"
EndProject
Project("{8BC9CEB8-8B4A-11D0-8D11-00A0C91BC942}") = "scene_select.aua", "scene_select.aua\scene_select.aua.vcxproj", "{5E20F31E-26E3-4C79-A24D-DAB459915E8C}"
EndProject
Project("{8BC9CEB8-8B4A-11D0-8D11-00A0C91BC942}") = "workspace.aua", "workspace.aua\workspace.aua.vcxproj", "{55AF099C-72AF-490D-A7AC-99DB7EAE5675}"
EndProject
Project("{8BC9CEB8-8B4A-11D0-8D11-00A0C91BC942}") = "dark.aua", "dark.aua\dark.aua.vcxproj", "{9B59E47F-0E71-4672-8CB7-2FB03F8BC973}"
EndProject
Project("{8BC9CEB8-8B4A-11D0-8D11-00A0C91BC942}") = "dark.pyd", "dark.pyd\dark.pyd.vcxproj", "{170AA2E5-3245-4015-8B3A-F1DEBB982645}"
EndProject
Project("{8BC9CEB8-8B4A-11D0-8D11-00A0C91BC942}") = "DarkenWindow.aul", "DarkenWindow.aul\DarkenWindow.aul.vcxproj", "{D30DB443-E8BE-4F53-80A0-6D9851C31DB5}"
EndProject
Project("{8BC9CEB8-8B4A-11D0-8D11-00A0C91BC942}") = "item_wave.aua", "item_wave.aua\item_wave.aua.vcxproj", "{D6A15CA8-FD8F-4F7D-ACCC-1BCEEE80D29A}"
EndProject
Project("{8BC9CEB8-8B4A-11D0-8D11-00A0C91BC942}") = "item_wave_reader.exe", "item_wave_reader.exe\item_wave_reader.exe.vcxproj", "{85AAAA80-3C9C-47E2-9FDA-27210DD4487A}"
EndProject
Project("{8BC9CEB8-8B4A-11D0-8D11-00A0C91BC942}") = "item_wave_ui.exe", "item_wave_ui.exe\item_wave_ui.exe.vcxproj", "{A3C15D57-D356-4371-9503-CB910970938F}"
EndProject
Project("{8BC9CEB8-8B4A-11D0-8D11-00A0C91BC942}") = "settings_browser.aua", "settings_browser.aua\settings_browser.aua.vcxproj", "{6FB0A583-304E-41BE-9E39-2644219C28DF}"
EndProject
Project("{8BC9CEB8-8B4A-11D0-8D11-00A0C91BC942}") = "install.exe", "install.exe\install.exe.vcxproj", "{8564CFEE-53D8-43E7-A7BB-FD1C772D68BC}"
EndProject
Global
	GlobalSection(SolutionConfigurationPlatforms) = preSolution
		Debug|x64 = Debug|x64
		Debug|x86 = Debug|x86
		Release|x64 = Release|x64
		Release|x86 = Release|x86
	EndGlobalSection
	GlobalSection(ProjectConfigurationPlatforms) = postSolution
		{8E583504-3780-4129-BCC2-BA590DBD0D0E}.Debug|x64.ActiveCfg = Debug|x64
		{8E583504-3780-4129-BCC2-BA590DBD0D0E}.Debug|x64.Build.0 = Debug|x64
		{8E583504-3780-4129-BCC2-BA590DBD0D0E}.Debug|x86.ActiveCfg = Debug|Win32
		{8E583504-3780-4129-BCC2-BA590DBD0D0E}.Debug|x86.Build.0 = Debug|Win32
		{8E583504-3780-4129-BCC2-BA590DBD0D0E}.Release|x64.ActiveCfg = Release|x64
		{8E583504-3780-4129-BCC2-BA590DBD0D0E}.Release|x64.Build.0 = Release|x64
		{8E583504-3780-4129-BCC2-BA590DBD0D0E}.Release|x86.ActiveCfg = Release|Win32
		{8E583504-3780-4129-BCC2-BA590DBD0D0E}.Release|x86.Build.0 = Release|Win32
		{FEDF86E4-E3F5-43AC-9210-402DB95B4D86}.Debug|x64.ActiveCfg = Debug|x64
		{FEDF86E4-E3F5-43AC-9210-402DB95B4D86}.Debug|x64.Build.0 = Debug|x64
		{FEDF86E4-E3F5-43AC-9210-402DB95B4D86}.Debug|x86.ActiveCfg = Debug|Win32
		{FEDF86E4-E3F5-43AC-9210-402DB95B4D86}.Debug|x86.Build.0 = Debug|Win32
		{FEDF86E4-E3F5-43AC-9210-402DB95B4D86}.Release|x64.ActiveCfg = Release|x64
		{FEDF86E4-E3F5-43AC-9210-402DB95B4D86}.Release|x64.Build.0 = Release|x64
		{FEDF86E4-E3F5-43AC-9210-402DB95B4D86}.Release|x86.ActiveCfg = Release|Win32
		{FEDF86E4-E3F5-43AC-9210-402DB95B4D86}.Release|x86.Build.0 = Release|Win32
		{D899AA9C-DFE3-4563-AAC1-A31A0760DC7C}.Debug|x64.ActiveCfg = Debug|x64
		{D899AA9C-DFE3-4563-AAC1-A31A0760DC7C}.Debug|x64.Build.0 = Debug|x64
		{D899AA9C-DFE3-4563-AAC1-A31A0760DC7C}.Debug|x86.ActiveCfg = Debug|Win32
		{D899AA9C-DFE3-4563-AAC1-A31A0760DC7C}.Debug|x86.Build.0 = Debug|Win32
		{D899AA9C-DFE3-4563-AAC1-A31A0760DC7C}.Release|x64.ActiveCfg = Release|x64
		{D899AA9C-DFE3-4563-AAC1-A31A0760DC7C}.Release|x64.Build.0 = Release|x64
		{D899AA9C-DFE3-4563-AAC1-A31A0760DC7C}.Release|x86.ActiveCfg = Release|Win32
		{D899AA9C-DFE3-4563-AAC1-A31A0760DC7C}.Release|x86.Build.0 = Release|Win32
		{4864168D-B254-4632-83F9-93CA7B290000}.Debug|x64.ActiveCfg = Debug|x64
		{4864168D-B254-4632-83F9-93CA7B290000}.Debug|x64.Build.0 = Debug|x64
		{4864168D-B254-4632-83F9-93CA7B290000}.Debug|x86.ActiveCfg = Debug|Win32
		{4864168D-B254-4632-83F9-93CA7B290000}.Debug|x86.Build.0 = Debug|Win32
		{4864168D-B254-4632-83F9-93CA7B290000}.Release|x64.ActiveCfg = Release|x64
		{4864168D-B254-4632-83F9-93CA7B290000}.Release|x64.Build.0 = Release|x64
		{4864168D-B254-4632-83F9-93CA7B290000}.Release|x86.ActiveCfg = Release|Win32
		{4864168D-B254-4632-83F9-93CA7B290000}.Release|x86.Build.0 = Release|Win32
		{2B224387-D48D-4033-AC5A-799292E625B4}.Debug|x64.ActiveCfg = Debug|x64
		{2B224387-D48D-4033-AC5A-799292E625B4}.Debug|x64.Build.0 = Debug|x64
		{2B224387-D48D-4033-AC5A-799292E625B4}.Debug|x86.ActiveCfg = Debug|Win32
		{2B224387-D48D-4033-AC5A-799292E625B4}.Debug|x86.Build.0 = Debug|Win32
		{2B224387-D48D-4033-AC5A-799292E625B4}.Release|x64.ActiveCfg = Release|x64
		{2B224387-D48D-4033-AC5A-799292E625B4}.Release|x64.Build.0 = Release|x64
		{2B224387-D48D-4033-AC5A-799292E625B4}.Release|x86.ActiveCfg = Release|Win32
		{2B224387-D48D-4033-AC5A-799292E625B4}.Release|x86.Build.0 = Release|Win32
		{FA6CC467-C0C6-4E99-A543-1CB40C83671D}.Debug|x64.ActiveCfg = Debug|x64
		{FA6CC467-C0C6-4E99-A543-1CB40C83671D}.Debug|x64.Build.0 = Debug|x64
		{FA6CC467-C0C6-4E99-A543-1CB40C83671D}.Debug|x86.ActiveCfg = Debug|Win32
		{FA6CC467-C0C6-4E99-A543-1CB40C83671D}.Debug|x86.Build.0 = Debug|Win32
		{FA6CC467-C0C6-4E99-A543-1CB40C83671D}.Release|x64.ActiveCfg = Release|x64
		{FA6CC467-C0C6-4E99-A543-1CB40C83671D}.Release|x64.Build.0 = Release|x64
		{FA6CC467-C0C6-4E99-A543-1CB40C83671D}.Release|x86.ActiveCfg = Release|Win32
		{FA6CC467-C0C6-4E99-A543-1CB40C83671D}.Release|x86.Build.0 = Release|Win32
		{3CCD5147-283F-4755-8637-5D58B950AA8B}.Debug|x64.ActiveCfg = Debug|x64
		{3CCD5147-283F-4755-8637-5D58B950AA8B}.Debug|x64.Build.0 = Debug|x64
		{3CCD5147-283F-4755-8637-5D58B950AA8B}.Debug|x86.ActiveCfg = Debug|Win32
		{3CCD5147-283F-4755-8637-5D58B950AA8B}.Debug|x86.Build.0 = Debug|Win32
		{3CCD5147-283F-4755-8637-5D58B950AA8B}.Release|x64.ActiveCfg = Release|x64
		{3CCD5147-283F-4755-8637-5D58B950AA8B}.Release|x64.Build.0 = Release|x64
		{3CCD5147-283F-4755-8637-5D58B950AA8B}.Release|x86.ActiveCfg = Release|Win32
		{3CCD5147-283F-4755-8637-5D58B950AA8B}.Release|x86.Build.0 = Release|Win32
		{55A5179B-D41A-4908-ABAA-E81E16191D3F}.Debug|x64.ActiveCfg = Debug|x64
		{55A5179B-D41A-4908-ABAA-E81E16191D3F}.Debug|x64.Build.0 = Debug|x64
		{55A5179B-D41A-4908-ABAA-E81E16191D3F}.Debug|x86.ActiveCfg = Debug|Win32
		{55A5179B-D41A-4908-ABAA-E81E16191D3F}.Debug|x86.Build.0 = Debug|Win32
		{55A5179B-D41A-4908-ABAA-E81E16191D3F}.Release|x64.ActiveCfg = Release|x64
		{55A5179B-D41A-4908-ABAA-E81E16191D3F}.Release|x64.Build.0 = Release|x64
		{55A5179B-D41A-4908-ABAA-E81E16191D3F}.Release|x86.ActiveCfg = Release|Win32
		{55A5179B-D41A-4908-ABAA-E81E16191D3F}.Release|x86.Build.0 = Release|Win32
		{17F1FBB1-12B2-47EC-B6FB-B3BD0BAABBF6}.Debug|x64.ActiveCfg = Debug|x64
		{17F1FBB1-12B2-47EC-B6FB-B3BD0BAABBF6}.Debug|x64.Build.0 = Debug|x64
		{17F1FBB1-12B2-47EC-B6FB-B3BD0BAABBF6}.Debug|x86.ActiveCfg = Debug|Win32
		{17F1FBB1-12B2-47EC-B6FB-B3BD0BAABBF6}.Debug|x86.Build.0 = Debug|Win32
		{17F1FBB1-12B2-47EC-B6FB-B3BD0BAABBF6}.Release|x64.ActiveCfg = Release|x64
		{17F1FBB1-12B2-47EC-B6FB-B3BD0BAABBF6}.Release|x64.Build.0 = Release|x64
		{17F1FBB1-12B2-47EC-B6FB-B3BD0BAABBF6}.Release|x86.ActiveCfg = Release|Win32
		{17F1FBB1-12B2-47EC-B6FB-B3BD0BAABBF6}.Release|x86.Build.0 = Release|Win32
		{965D4EBA-7A29-4B4F-BBF6-386184F9947A}.Debug|x64.ActiveCfg = Debug|x64
		{965D4EBA-7A29-4B4F-BBF6-386184F9947A}.Debug|x64.Build.0 = Debug|x64
		{965D4EBA-7A29-4B4F-BBF6-386184F9947A}.Debug|x86.ActiveCfg = Debug|Win32
		{965D4EBA-7A29-4B4F-BBF6-386184F9947A}.Debug|x86.Build.0 = Debug|Win32
		{965D4EBA-7A29-4B4F-BBF6-386184F9947A}.Release|x64.ActiveCfg = Release|x64
		{965D4EBA-7A29-4B4F-BBF6-386184F9947A}.Release|x64.Build.0 = Release|x64
		{965D4EBA-7A29-4B4F-BBF6-386184F9947A}.Release|x86.ActiveCfg = Release|Win32
		{965D4EBA-7A29-4B4F-BBF6-386184F9947A}.Release|x86.Build.0 = Release|Win32
		{E80E8462-911F-4EAB-B83B-D4B2DFE2010D}.Debug|x64.ActiveCfg = Debug|x64
		{E80E8462-911F-4EAB-B83B-D4B2DFE2010D}.Debug|x64.Build.0 = Debug|x64
		{E80E8462-911F-4EAB-B83B-D4B2DFE2010D}.Debug|x86.ActiveCfg = Debug|Win32
		{E80E8462-911F-4EAB-B83B-D4B2DFE2010D}.Debug|x86.Build.0 = Debug|Win32
		{E80E8462-911F-4EAB-B83B-D4B2DFE2010D}.Release|x64.ActiveCfg = Release|x64
		{E80E8462-911F-4EAB-B83B-D4B2DFE2010D}.Release|x64.Build.0 = Release|x64
		{E80E8462-911F-4EAB-B83B-D4B2DFE2010D}.Release|x86.ActiveCfg = Release|Win32
		{E80E8462-911F-4EAB-B83B-D4B2DFE2010D}.Release|x86.Build.0 = Release|Win32
		{AF909173-77CA-4F05-8B83-56F2942A2ED8}.Debug|x64.ActiveCfg = Debug|x64
		{AF909173-77CA-4F05-8B83-56F2942A2ED8}.Debug|x64.Build.0 = Debug|x64
		{AF909173-77CA-4F05-8B83-56F2942A2ED8}.Debug|x86.ActiveCfg = Debug|Win32
		{AF909173-77CA-4F05-8B83-56F2942A2ED8}.Debug|x86.Build.0 = Debug|Win32
		{AF909173-77CA-4F05-8B83-56F2942A2ED8}.Release|x64.ActiveCfg = Release|x64
		{AF909173-77CA-4F05-8B83-56F2942A2ED8}.Release|x64.Build.0 = Release|x64
		{AF909173-77CA-4F05-8B83-56F2942A2ED8}.Release|x86.ActiveCfg = Release|Win32
		{AF909173-77CA-4F05-8B83-56F2942A2ED8}.Release|x86.Build.0 = Release|Win32
		{09227B87-09CB-43E7-8B86-8E32A3B4C6A2}.Debug|x64.ActiveCfg = Debug|x64
		{09227B87-09CB-43E7-8B86-8E32A3B4C6A2}.Debug|x64.Build.0 = Debug|x64
		{09227B87-09CB-43E7-8B86-8E32A3B4C6A2}.Debug|x86.ActiveCfg = Debug|Win32
		{09227B87-09CB-43E7-8B86-8E32A3B4C6A2}.Debug|x86.Build.0 = Debug|Win32
		{09227B87-09CB-43E7-8B86-8E32A3B4C6A2}.Release|x64.ActiveCfg = Release|x64
		{09227B87-09CB-43E7-8B86-8E32A3B4C6A2}.Release|x64.Build.0 = Release|x64
		{09227B87-09CB-43E7-8B86-8E32A3B4C6A2}.Release|x86.ActiveCfg = Release|Win32
		{09227B87-09CB-43E7-8B86-8E32A3B4C6A2}.Release|x86.Build.0 = Release|Win32
		{6738BA93-5F7C-40A7-9407-FBF6525FFA04}.Debug|x64.ActiveCfg = Debug|x64
		{6738BA93-5F7C-40A7-9407-FBF6525FFA04}.Debug|x64.Build.0 = Debug|x64
		{6738BA93-5F7C-40A7-9407-FBF6525FFA04}.Debug|x86.ActiveCfg = Debug|Win32
		{6738BA93-5F7C-40A7-9407-FBF6525FFA04}.Debug|x86.Build.0 = Debug|Win32
		{6738BA93-5F7C-40A7-9407-FBF6525FFA04}.Release|x64.ActiveCfg = Release|x64
		{6738BA93-5F7C-40A7-9407-FBF6525FFA04}.Release|x64.Build.0 = Release|x64
		{6738BA93-5F7C-40A7-9407-FBF6525FFA04}.Release|x86.ActiveCfg = Release|Win32
		{6738BA93-5F7C-40A7-9407-FBF6525FFA04}.Release|x86.Build.0 = Release|Win32
		{322F9334-7978-4341-BB56-344A9E785A62}.Debug|x64.ActiveCfg = Debug|x64
		{322F9334-7978-4341-BB56-344A9E785A62}.Debug|x64.Build.0 = Debug|x64
		{322F9334-7978-4341-BB56-344A9E785A62}.Debug|x86.ActiveCfg = Debug|Win32
		{322F9334-7978-4341-BB56-344A9E785A62}.Debug|x86.Build.0 = Debug|Win32
		{322F9334-7978-4341-BB56-344A9E785A62}.Release|x64.ActiveCfg = Release|x64
		{322F9334-7978-4341-BB56-344A9E785A62}.Release|x64.Build.0 = Release|x64
		{322F9334-7978-4341-BB56-344A9E785A62}.Release|x86.ActiveCfg = Release|Win32
		{322F9334-7978-4341-BB56-344A9E785A62}.Release|x86.Build.0 = Release|Win32
		{F53A67A7-245C-4D2F-9215-B77AA8429E80}.Debug|x64.ActiveCfg = Debug|x64
		{F53A67A7-245C-4D2F-9215-B77AA8429E80}.Debug|x64.Build.0 = Debug|x64
		{F53A67A7-245C-4D2F-9215-B77AA8429E80}.Debug|x86.ActiveCfg = Debug|Win32
		{F53A67A7-245C-4D2F-9215-B77AA8429E80}.Debug|x86.Build.0 = Debug|Win32
		{F53A67A7-245C-4D2F-9215-B77AA8429E80}.Release|x64.ActiveCfg = Release|x64
		{F53A67A7-245C-4D2F-9215-B77AA8429E80}.Release|x64.Build.0 = Release|x64
		{F53A67A7-245C-4D2F-9215-B77AA8429E80}.Release|x86.ActiveCfg = Release|Win32
		{F53A67A7-245C-4D2F-9215-B77AA8429E80}.Release|x86.Build.0 = Release|Win32
		{B14F4A09-5AC5-4FB5-9E73-441964EB32BC}.Debug|x64.ActiveCfg = Debug|x64
		{B14F4A09-5AC5-4FB5-9E73-441964EB32BC}.Debug|x64.Build.0 = Debug|x64
		{B14F4A09-5AC5-4FB5-9E73-441964EB32BC}.Debug|x86.ActiveCfg = Debug|Win32
		{B14F4A09-5AC5-4FB5-9E73-441964EB32BC}.Debug|x86.Build.0 = Debug|Win32
		{B14F4A09-5AC5-4FB5-9E73-441964EB32BC}.Release|x64.ActiveCfg = Release|x64
		{B14F4A09-5AC5-4FB5-9E73-441964EB32BC}.Release|x64.Build.0 = Release|x64
		{B14F4A09-5AC5-4FB5-9E73-441964EB32BC}.Release|x86.ActiveCfg = Release|Win32
		{B14F4A09-5AC5-4FB5-9E73-441964EB32BC}.Release|x86.Build.0 = Release|Win32
		{8E12812D-891A-4165-B356-A3D8E41F8396}.Debug|x64.ActiveCfg = Debug|x64
		{8E12812D-891A-4165-B356-A3D8E41F8396}.Debug|x64.Build.0 = Debug|x64
		{8E12812D-891A-4165-B356-A3D8E41F8396}.Debug|x86.ActiveCfg = Debug|Win32
		{8E12812D-891A-4165-B356-A3D8E41F8396}.Debug|x86.Build.0 = Debug|Win32
		{8E12812D-891A-4165-B356-A3D8E41F8396}.Release|x64.ActiveCfg = Release|x64
		{8E12812D-891A-4165-B356-A3D8E41F8396}.Release|x64.Build.0 = Release|x64
		{8E12812D-891A-4165-B356-A3D8E41F8396}.Release|x86.ActiveCfg = Release|Win32
		{8E12812D-891A-4165-B356-A3D8E41F8396}.Release|x86.Build.0 = Release|Win32
		{04EA249D-8DD8-49C6-9606-4BA0954BF58E}.Debug|x64.ActiveCfg = Debug|x64
		{04EA249D-8DD8-49C6-9606-4BA0954BF58E}.Debug|x64.Build.0 = Debug|x64
		{04EA249D-8DD8-49C6-9606-4BA0954BF58E}.Debug|x86.ActiveCfg = Debug|Win32
		{04EA249D-8DD8-49C6-9606-4BA0954BF58E}.Debug|x86.Build.0 = Debug|Win32
		{04EA249D-8DD8-49C6-9606-4BA0954BF58E}.Release|x64.ActiveCfg = Release|x64
		{04EA249D-8DD8-49C6-9606-4BA0954BF58E}.Release|x64.Build.0 = Release|x64
		{04EA249D-8DD8-49C6-9606-4BA0954BF58E}.Release|x86.ActiveCfg = Release|Win32
		{04EA249D-8DD8-49C6-9606-4BA0954BF58E}.Release|x86.Build.0 = Release|Win32
		{4797BB8D-501F-4F13-8C75-E9E1D8A14EF5}.Debug|x64.ActiveCfg = Debug|x64
		{4797BB8D-501F-4F13-8C75-E9E1D8A14EF5}.Debug|x64.Build.0 = Debug|x64
		{4797BB8D-501F-4F13-8C75-E9E1D8A14EF5}.Debug|x86.ActiveCfg = Debug|Win32
		{4797BB8D-501F-4F13-8C75-E9E1D8A14EF5}.Debug|x86.Build.0 = Debug|Win32
		{4797BB8D-501F-4F13-8C75-E9E1D8A14EF5}.Release|x64.ActiveCfg = Release|x64
		{4797BB8D-501F-4F13-8C75-E9E1D8A14EF5}.Release|x64.Build.0 = Release|x64
		{4797BB8D-501F-4F13-8C75-E9E1D8A14EF5}.Release|x86.ActiveCfg = Release|Win32
		{4797BB8D-501F-4F13-8C75-E9E1D8A14EF5}.Release|x86.Build.0 = Release|Win32
		{49E1E1E4-073B-42B9-921F-9084508C0610}.Debug|x64.ActiveCfg = Debug|x64
		{49E1E1E4-073B-42B9-921F-9084508C0610}.Debug|x64.Build.0 = Debug|x64
		{49E1E1E4-073B-42B9-921F-9084508C0610}.Debug|x86.ActiveCfg = Debug|Win32
		{49E1E1E4-073B-42B9-921F-9084508C0610}.Debug|x86.Build.0 = Debug|Win32
		{49E1E1E4-073B-42B9-921F-9084508C0610}.Release|x64.ActiveCfg = Release|x64
		{49E1E1E4-073B-42B9-921F-9084508C0610}.Release|x64.Build.0 = Release|x64
		{49E1E1E4-073B-42B9-921F-9084508C0610}.Release|x86.ActiveCfg = Release|Win32
		{49E1E1E4-073B-42B9-921F-9084508C0610}.Release|x86.Build.0 = Release|Win32
		{31632C10-7899-482E-938D-BC2BA81DB7F6}.Debug|x64.ActiveCfg = Debug|x64
		{31632C10-7899-482E-938D-BC2BA81DB7F6}.Debug|x64.Build.0 = Debug|x64
		{31632C10-7899-482E-938D-BC2BA81DB7F6}.Debug|x86.ActiveCfg = Debug|Win32
		{31632C10-7899-482E-938D-BC2BA81DB7F6}.Debug|x86.Build.0 = Debug|Win32
		{31632C10-7899-482E-938D-BC2BA81DB7F6}.Release|x64.ActiveCfg = Release|x64
		{31632C10-7899-482E-938D-BC2BA81DB7F6}.Release|x64.Build.0 = Release|x64
		{31632C10-7899-482E-938D-BC2BA81DB7F6}.Release|x86.ActiveCfg = Release|Win32
		{31632C10-7899-482E-938D-BC2BA81DB7F6}.Release|x86.Build.0 = Release|Win32
		{FE437241-1D58-452F-A97C-0BA437E9C4E7}.Debug|x64.ActiveCfg = Debug|x64
		{FE437241-1D58-452F-A97C-0BA437E9C4E7}.Debug|x64.Build.0 = Debug|x64
		{FE437241-1D58-452F-A97C-0BA437E9C4E7}.Debug|x86.ActiveCfg = Debug|Win32
		{FE437241-1D58-452F-A97C-0BA437E9C4E7}.Debug|x86.Build.0 = Debug|Win32
		{FE437241-1D58-452F-A97C-0BA437E9C4E7}.Release|x64.ActiveCfg = Release|x64
		{FE437241-1D58-452F-A97C-0BA437E9C4E7}.Release|x64.Build.0 = Release|x64
		{FE437241-1D58-452F-A97C-0BA437E9C4E7}.Release|x86.ActiveCfg = Release|Win32
		{FE437241-1D58-452F-A97C-0BA437E9C4E7}.Release|x86.Build.0 = Release|Win32
		{5E20F31E-26E3-4C79-A24D-DAB459915E8C}.Debug|x64.ActiveCfg = Debug|x64
		{5E20F31E-26E3-4C79-A24D-DAB459915E8C}.Debug|x64.Build.0 = Debug|x64
		{5E20F31E-26E3-4C79-A24D-DAB459915E8C}.Debug|x86.ActiveCfg = Debug|Win32
		{5E20F31E-26E3-4C79-A24D-DAB459915E8C}.Debug|x86.Build.0 = Debug|Win32
		{5E20F31E-26E3-4C79-A24D-DAB459915E8C}.Release|x64.ActiveCfg = Release|x64
		{5E20F31E-26E3-4C79-A24D-DAB459915E8C}.Release|x64.Build.0 = Release|x64
		{5E20F31E-26E3-4C79-A24D-DAB459915E8C}.Release|x86.ActiveCfg = Release|Win32
		{5E20F31E-26E3-4C79-A24D-DAB459915E8C}.Release|x86.Build.0 = Release|Win32
		{55AF099C-72AF-490D-A7AC-99DB7EAE5675}.Debug|x64.ActiveCfg = Debug|x64
		{55AF099C-72AF-490D-A7AC-99DB7EAE5675}.Debug|x64.Build.0 = Debug|x64
		{55AF099C-72AF-490D-A7AC-99DB7EAE5675}.Debug|x86.ActiveCfg = Debug|Win32
		{55AF099C-72AF-490D-A7AC-99DB7EAE5675}.Debug|x86.Build.0 = Debug|Win32
		{55AF099C-72AF-490D-A7AC-99DB7EAE5675}.Release|x64.ActiveCfg = Release|x64
		{55AF099C-72AF-490D-A7AC-99DB7EAE5675}.Release|x64.Build.0 = Release|x64
		{55AF099C-72AF-490D-A7AC-99DB7EAE5675}.Release|x86.ActiveCfg = Release|Win32
		{55AF099C-72AF-490D-A7AC-99DB7EAE5675}.Release|x86.Build.0 = Release|Win32
		{9B59E47F-0E71-4672-8CB7-2FB03F8BC973}.Debug|x64.ActiveCfg = Debug|x64
		{9B59E47F-0E71-4672-8CB7-2FB03F8BC973}.Debug|x64.Build.0 = Debug|x64
		{9B59E47F-0E71-4672-8CB7-2FB03F8BC973}.Debug|x86.ActiveCfg = Debug|Win32
		{9B59E47F-0E71-4672-8CB7-2FB03F8BC973}.Debug|x86.Build.0 = Debug|Win32
		{9B59E47F-0E71-4672-8CB7-2FB03F8BC973}.Release|x64.ActiveCfg = Release|x64
		{9B59E47F-0E71-4672-8CB7-2FB03F8BC973}.Release|x64.Build.0 = Release|x64
		{9B59E47F-0E71-4672-8CB7-2FB03F8BC973}.Release|x86.ActiveCfg = Release|Win32
		{9B59E47F-0E71-4672-8CB7-2FB03F8BC973}.Release|x86.Build.0 = Release|Win32
		{170AA2E5-3245-4015-8B3A-F1DEBB982645}.Debug|x64.ActiveCfg = Debug|x64
		{170AA2E5-3245-4015-8B3A-F1DEBB982645}.Debug|x64.Build.0 = Debug|x64
		{170AA2E5-3245-4015-8B3A-F1DEBB982645}.Debug|x86.ActiveCfg = Debug|Win32
		{170AA2E5-3245-4015-8B3A-F1DEBB982645}.Debug|x86.Build.0 = Debug|Win32
		{170AA2E5-3245-4015-8B3A-F1DEBB982645}.Release|x64.ActiveCfg = Release|x64
		{170AA2E5-3245-4015-8B3A-F1DEBB982645}.Release|x64.Build.0 = Release|x64
		{170AA2E5-3245-4015-8B3A-F1DEBB982645}.Release|x86.ActiveCfg = Release|Win32
		{170AA2E5-3245-4015-8B3A-F1DEBB982645}.Release|x86.Build.0 = Release|Win32
		{D30DB443-E8BE-4F53-80A0-6D9851C31DB5}.Debug|x64.ActiveCfg = Debug|x64
		{D30DB443-E8BE-4F53-80A0-6D9851C31DB5}.Debug|x64.Build.0 = Debug|x64
		{D30DB443-E8BE-4F53-80A0-6D9851C31DB5}.Debug|x86.ActiveCfg = Debug|Win32
		{D30DB443-E8BE-4F53-80A0-6D9851C31DB5}.Debug|x86.Build.0 = Debug|Win32
		{D30DB443-E8BE-4F53-80A0-6D9851C31DB5}.Release|x64.ActiveCfg = Release|x64
		{D30DB443-E8BE-4F53-80A0-6D9851C31DB5}.Release|x64.Build.0 = Release|x64
		{D30DB443-E8BE-4F53-80A0-6D9851C31DB5}.Release|x86.ActiveCfg = Release|Win32
		{D30DB443-E8BE-4F53-80A0-6D9851C31DB5}.Release|x86.Build.0 = Release|Win32
		{D6A15CA8-FD8F-4F7D-ACCC-1BCEEE80D29A}.Debug|x64.ActiveCfg = Debug|x64
		{D6A15CA8-FD8F-4F7D-ACCC-1BCEEE80D29A}.Debug|x64.Build.0 = Debug|x64
		{D6A15CA8-FD8F-4F7D-ACCC-1BCEEE80D29A}.Debug|x86.ActiveCfg = Debug|Win32
		{D6A15CA8-FD8F-4F7D-ACCC-1BCEEE80D29A}.Debug|x86.Build.0 = Debug|Win32
		{D6A15CA8-FD8F-4F7D-ACCC-1BCEEE80D29A}.Release|x64.ActiveCfg = Release|x64
		{D6A15CA8-FD8F-4F7D-ACCC-1BCEEE80D29A}.Release|x64.Build.0 = Release|x64
		{D6A15CA8-FD8F-4F7D-ACCC-1BCEEE80D29A}.Release|x86.ActiveCfg = Release|Win32
		{D6A15CA8-FD8F-4F7D-ACCC-1BCEEE80D29A}.Release|x86.Build.0 = Release|Win32
		{85AAAA80-3C9C-47E2-9FDA-27210DD4487A}.Debug|x64.ActiveCfg = Debug|x64
		{85AAAA80-3C9C-47E2-9FDA-27210DD4487A}.Debug|x64.Build.0 = Debug|x64
		{85AAAA80-3C9C-47E2-9FDA-27210DD4487A}.Debug|x86.ActiveCfg = Debug|Win32
		{85AAAA80-3C9C-47E2-9FDA-27210DD4487A}.Debug|x86.Build.0 = Debug|Win32
		{85AAAA80-3C9C-47E2-9FDA-27210DD4487A}.Release|x64.ActiveCfg = Release|x64
		{85AAAA80-3C9C-47E2-9FDA-27210DD4487A}.Release|x64.Build.0 = Release|x64
		{85AAAA80-3C9C-47E2-9FDA-27210DD4487A}.Release|x86.ActiveCfg = Release|Win32
		{85AAAA80-3C9C-47E2-9FDA-27210DD4487A}.Release|x86.Build.0 = Release|Win32
		{A3C15D57-D356-4371-9503-CB910970938F}.Debug|x64.ActiveCfg = Debug|x64
		{A3C15D57-D356-4371-9503-CB910970938F}.Debug|x64.Build.0 = Debug|x64
		{A3C15D57-D356-4371-9503-CB910970938F}.Debug|x86.ActiveCfg = Debug|Win32
		{A3C15D57-D356-4371-9503-CB910970938F}.Debug|x86.Build.0 = Debug|Win32
		{A3C15D57-D356-4371-9503-CB910970938F}.Release|x64.ActiveCfg = Release|x64
		{A3C15D57-D356-4371-9503-CB910970938F}.Release|x64.Build.0 = Release|x64
		{A3C15D57-D356-4371-9503-CB910970938F}.Release|x86.ActiveCfg = Release|Win32
		{A3C15D57-D356-4371-9503-CB910970938F}.Release|x86.Build.0 = Release|Win32
		{6FB0A583-304E-41BE-9E39-2644219C28DF}.Debug|x64.ActiveCfg = Debug|x64
		{6FB0A583-304E-41BE-9E39-2644219C28DF}.Debug|x64.Build.0 = Debug|x64
		{6FB0A583-304E-41BE-9E39-2644219C28DF}.Debug|x86.ActiveCfg = Debug|Win32
		{6FB0A583-304E-41BE-9E39-2644219C28DF}.Debug|x86.Build.0 = Debug|Win32
		{6FB0A583-304E-41BE-9E39-2644219C28DF}.Release|x64.ActiveCfg = Release|x64
		{6FB0A583-304E-41BE-9E39-2644219C28DF}.Release|x64.Build.0 = Release|x64
		{6FB0A583-304E-41BE-9E39-2644219C28DF}.Release|x86.ActiveCfg = Release|Win32
		{6FB0A583-304E-41BE-9E39-2644219C28DF}.Release|x86.Build.0 = Release|Win32
		{8564CFEE-53D8-43E7-A7BB-FD1C772D68BC}.Debug|x64.ActiveCfg = Debug|x64
		{8564CFEE-53D8-43E7-A7BB-FD1C772D68BC}.Debug|x64.Build.0 = Debug|x64
		{8564CFEE-53D8-43E7-A7BB-FD1C772D68BC}.Debug|x86.ActiveCfg = Debug|Win32
		{8564CFEE-53D8-43E7-A7BB-FD1C772D68BC}.Debug|x86.Build.0 = Debug|Win32
		{8564CFEE-53D8-43E7-A7BB-FD1C772D68BC}.Release|x64.ActiveCfg = Release|x64
		{8564CFEE-53D8-43E7-A7BB-FD1C772D68BC}.Release|x64.Build.0 = Release|x64
		{8564CFEE-53D8-43E7-A7BB-FD1C772D68BC}.Release|x86.ActiveCfg = Release|Win32
		{8564CFEE-53D8-43E7-A7BB-FD1C772D68BC}.Release|x86.Build.0 = Release|Win32
	EndGlobalSection
	GlobalSection(SolutionProperties) = preSolution
		HideSolutionNode = FALSE
	EndGlobalSection
	GlobalSection(NestedProjects) = preSolution
		{0BBEBC9E-687F-444A-9B8A-2FF6B83C740B} = {BE989537-3C2C-4203-B191-68FAB3DCA4BA}
		{BE989537-3C2C-4203-B191-68FAB3DCA4BA} = {3BA88203-63EF-4334-AF22-39C789AA8406}
		{9759D4C9-AC69-47A6-B960-F56698BF33A0} = {BE989537-3C2C-4203-B191-68FAB3DCA4BA}
		{00F74984-FDAF-436E-AD13-CF1C80ADEFD5} = {BE989537-3C2C-4203-B191-68FAB3DCA4BA}
		{A4CD8F73-BC82-4B97-8E94-92FF409C5D96} = {00F74984-FDAF-436E-AD13-CF1C80ADEFD5}
	EndGlobalSection
	GlobalSection(ExtensibilityGlobals) = postSolution
		SolutionGuid = {483B1548-7CEB-4168-9525-A4CC4E5C6250}
	EndGlobalSection
EndGlobal
