<?xml version="1.0" encoding="utf-8"?>
<Project ToolsVersion="4.0" xmlns="http://schemas.microsoft.com/developer/msbuild/2003">
  <ItemGroup>
    <Filter Include="Framework">
      <UniqueIdentifier>{28e1c815-30ae-44a9-b97b-da6f38d3f851}</UniqueIdentifier>
    </Filter>
    <Filter Include="Fate">
      <UniqueIdentifier>{db5d2c85-033b-45b6-9f76-034ee2280a9d}</UniqueIdentifier>
    </Filter>
    <Filter Include="Tools">
      <UniqueIdentifier>{753d13b5-7567-4d9d-b846-a583c9436874}</UniqueIdentifier>
    </Filter>
    <Filter Include="Common">
      <UniqueIdentifier>{d3227a9b-82f1-4783-9608-f7a623b869d8}</UniqueIdentifier>
    </Filter>
    <Filter Include="Destours">
      <UniqueIdentifier>{27a05714-7614-48a1-a406-151e7375a8b3}</UniqueIdentifier>
    </Filter>
    <Filter Include="Common\AviUtl">
      <UniqueIdentifier>{b4b482a7-bd5c-40ba-9452-d2d785c56b48}</UniqueIdentifier>
    </Filter>
    <Filter Include="Share">
      <UniqueIdentifier>{c3697ee7-a5b6-4b7e-995c-adc8c632cdc1}</UniqueIdentifier>
    </Filter>
  </ItemGroup>
  <ItemGroup>
    <ClInclude Include="pch.h">
      <Filter>Framework</Filter>
    </ClInclude>
    <ClInclude Include="Master.h" />
    <ClInclude Include="Story.h" />
    <ClInclude Include="..\Fate\Chaldea.h">
      <Filter>Fate</Filter>
    </ClInclude>
    <ClInclude Include="..\Fate\Fate.h">
      <Filter>Fate</Filter>
    </ClInclude>
    <ClInclude Include="..\Fate\Servant.h">
      <Filter>Fate</Filter>
    </ClInclude>
    <ClInclude Include="..\Tools\edit_predicates.h">
      <Filter>Tools</Filter>
    </ClInclude>
    <ClInclude Include="..\Tools\FilterHolder.h">
      <Filter>Tools</Filter>
    </ClInclude>
    <ClInclude Include="..\Tools\GdiBitmap.h">
      <Filter>Tools</Filter>
    </ClInclude>
    <ClInclude Include="..\Tools\Hook.h">
      <Filter>Tools</Filter>
    </ClInclude>
    <ClInclude Include="..\Tools\LayeredWindowInfo.h">
      <Filter>Tools</Filter>
    </ClInclude>
    <ClInclude Include="..\Tools\ObjectHolder.h">
      <Filter>Tools</Filter>
    </ClInclude>
    <ClInclude Include="..\Tools\Tools.h">
      <Filter>Tools</Filter>
    </ClInclude>
    <ClInclude Include="..\Detours.4.0.1\detours.h">
      <Filter>Destours</Filter>
    </ClInclude>
    <ClInclude Include="..\Detours.4.0.1\detver.h">
      <Filter>Destours</Filter>
    </ClInclude>
    <ClInclude Include="..\Common\AviUtlInternal.h">
      <Filter>Common</Filter>
    </ClInclude>
    <ClInclude Include="..\Common\DesignBase.h">
      <Filter>Common</Filter>
    </ClInclude>
    <ClInclude Include="..\Common\Dialog.h">
      <Filter>Common</Filter>
    </ClInclude>
    <ClInclude Include="..\Common\FileUpdateChecker.h">
      <Filter>Common</Filter>
    </ClInclude>
    <ClInclude Include="..\Common\Gdi.h">
      <Filter>Common</Filter>
    </ClInclude>
    <ClInclude Include="..\Common\Gdiplus.h">
      <Filter>Common</Filter>
    </ClInclude>
    <ClInclude Include="..\Common\Hook.h">
      <Filter>Common</Filter>
    </ClInclude>
    <ClInclude Include="..\Common\JSON.h">
      <Filter>Common</Filter>
    </ClInclude>
    <ClInclude Include="..\Common\MFC.h">
      <Filter>Common</Filter>
    </ClInclude>
    <ClInclude Include="..\Common\MSXML.h">
      <Filter>Common</Filter>
    </ClInclude>
    <ClInclude Include="..\Common\Profile.h">
      <Filter>Common</Filter>
    </ClInclude>
    <ClInclude Include="..\Common\Tracer.h">
      <Filter>Common</Filter>
    </ClInclude>
    <ClInclude Include="..\Common\Tracer2.h">
      <Filter>Common</Filter>
    </ClInclude>
    <ClInclude Include="..\Common\Window.h">
      <Filter>Common</Filter>
    </ClInclude>
    <ClInclude Include="..\Common\Window2.h">
      <Filter>Common</Filter>
    </ClInclude>
    <ClInclude Include="..\Common\WinUtility.h">
      <Filter>Common</Filter>
    </ClInclude>
    <ClInclude Include="..\Common\AviUtl\PluginWindow.h">
      <Filter>Common\AviUtl</Filter>
    </ClInclude>
    <ClInclude Include="..\Common\AviUtl\PluginWindowExtension.h">
      <Filter>Common\AviUtl</Filter>
    </ClInclude>
    <ClInclude Include="..\Common\AviUtl\WindowHolderExtension.h">
      <Filter>Common\AviUtl</Filter>
    </ClInclude>
    <ClInclude Include="..\Share\Filer.h">
      <Filter>Share</Filter>
    </ClInclude>
    <ClInclude Include="..\Fate\Magi.h">
      <Filter>Fate</Filter>
    </ClInclude>
    <ClInclude Include="MysticCode.h" />
    <ClInclude Include="Spiritron.h" />
    <ClInclude Include="..\Common\Dialog2.h">
      <Filter>Common</Filter>
    </ClInclude>
    <ClInclude Include="..\Share\Nest.h">
      <Filter>Share</Filter>
    </ClInclude>
    <ClInclude Include="..\Common\WindowManager.h">
      <Filter>Common</Filter>
    </ClInclude>
    <ClInclude Include="..\Common\StringPrint.h">
      <Filter>Common</Filter>
    </ClInclude>
    <ClInclude Include="..\Common\AviUtl\Tools.h">
      <Filter>Common\AviUtl</Filter>
    </ClInclude>
    <ClInclude Include="..\Common\AviUtl\SliderPanel.h">
      <Filter>Common\AviUtl</Filter>
    </ClInclude>
    <ClInclude Include="..\Share\EasingSelect.h">
      <Filter>Share</Filter>
    </ClInclude>
    <ClInclude Include="..\Share\AudioGraph.h">
      <Filter>Share</Filter>
    </ClInclude>
    <ClInclude Include="..\Common\Label.h">
      <Filter>Common</Filter>
    </ClInclude>
    <ClInclude Include="..\Common\ShortcutKey.h">
      <Filter>Common</Filter>
    </ClInclude>
  </ItemGroup>
  <ItemGroup>
    <ClCompile Include="pch.cpp">
      <Filter>Framework</Filter>
    </ClCompile>
    <ClCompile Include="Main.cpp" />
  </ItemGroup>
  <ItemGroup>
    <None Include="Main.def">
      <Filter>Framework</Filter>
    </None>
    <None Include="..\Fate\Grand Order">
      <Filter>Fate</Filter>
    </None>
  </ItemGroup>
  <ItemGroup>
    <Library Include="..\Detours.4.0.1\detours.lib">
      <Filter>Destours</Filter>
    </Library>
  </ItemGroup>
</Project>