<?xml version="1.0" encoding="utf-8"?>
<Project ToolsVersion="4.0" xmlns="http://schemas.microsoft.com/developer/msbuild/2003">
  <ItemGroup>
    <Filter Include="framework">
      <UniqueIdentifier>{c31f6581-444d-4919-ab02-c712e696ce58}</UniqueIdentifier>
    </Filter>
    <Filter Include="resource">
      <UniqueIdentifier>{67DA6AB6-F800-4c08-8B7A-83BB121AAD01}</UniqueIdentifier>
      <Extensions>rc;ico;cur;bmp;dlg;rc2;rct;bin;rgs;gif;jpg;jpeg;jpe;resx;tiff;tif;png;wav;mfcribbon-ms</Extensions>
    </Filter>
    <Filter Include="part">
      <UniqueIdentifier>{5dc6ffb2-e001-41ed-ba9e-9443535870c3}</UniqueIdentifier>
    </Filter>
    <Filter Include="ult_combobox">
      <UniqueIdentifier>{39830b0d-5ceb-4187-8124-e1d6b51f75b4}</UniqueIdentifier>
    </Filter>
    <Filter Include="ult_combobox\popup">
      <UniqueIdentifier>{2a36edd6-c56f-46ad-8722-a7ce510f7298}</UniqueIdentifier>
    </Filter>
    <Filter Include="ult_combobox\drop_down_list">
      <UniqueIdentifier>{ad903911-71b9-423b-9d91-dda6e42fed0e}</UniqueIdentifier>
    </Filter>
    <Filter Include="part\node">
      <UniqueIdentifier>{dc621d52-4abc-42a1-ab6b-91d3c2f9077c}</UniqueIdentifier>
    </Filter>
  </ItemGroup>
  <ItemGroup>
    <ClInclude Include="pch.h">
      <Filter>framework</Filter>
    </ClInclude>
    <ClInclude Include="addin.hpp" />
    <ClInclude Include="hive.hpp" />
    <ClInclude Include="addin_dialog.hpp" />
    <ClInclude Include="addin_window.hpp" />
    <ClInclude Include="config_io.hpp" />
    <ClInclude Include="resource.h">
      <Filter>resource</Filter>
    </ClInclude>
    <ClInclude Include="utils.hpp" />
    <ClInclude Include="ult_combobox\drop_down_list\combobox.hpp">
      <Filter>ult_combobox\drop_down_list</Filter>
    </ClInclude>
    <ClInclude Include="ult_combobox\popup\listbox.hpp">
      <Filter>ult_combobox\popup</Filter>
    </ClInclude>
    <ClInclude Include="ult_combobox\core.hpp">
      <Filter>ult_combobox</Filter>
    </ClInclude>
    <ClInclude Include="ult_combobox\manager.hpp">
      <Filter>ult_combobox</Filter>
    </ClInclude>
    <ClInclude Include="ult_combobox\node.hpp">
      <Filter>ult_combobox</Filter>
    </ClInclude>
    <ClInclude Include="part\manager.hpp">
      <Filter>part</Filter>
    </ClInclude>
    <ClInclude Include="part\node.hpp">
      <Filter>part</Filter>
    </ClInclude>
    <ClInclude Include="part\node_base.hpp">
      <Filter>part</Filter>
    </ClInclude>
    <ClInclude Include="part\node\create_window_hook.hpp">
      <Filter>part\node</Filter>
    </ClInclude>
    <ClInclude Include="part\node\script_sort_patch.hpp">
      <Filter>part\node</Filter>
    </ClInclude>
    <ClInclude Include="part\node\set_current_object.hpp">
      <Filter>part\node</Filter>
    </ClInclude>
    <ClInclude Include="part\node\test.hpp">
      <Filter>part\node</Filter>
    </ClInclude>
    <ClInclude Include="ult_combobox\utils.hpp">
      <Filter>ult_combobox</Filter>
    </ClInclude>
  </ItemGroup>
  <ItemGroup>
    <ClCompile Include="pch.cpp">
      <Filter>framework</Filter>
    </ClCompile>
    <ClCompile Include="main.cpp">
      <Filter>framework</Filter>
    </ClCompile>
  </ItemGroup>
  <ItemGroup>
    <None Include="main.def">
      <Filter>framework</Filter>
    </None>
  </ItemGroup>
  <ItemGroup>
    <ResourceCompile Include="optima.aua.rc">
      <Filter>resource</Filter>
    </ResourceCompile>
  </ItemGroup>
</Project>