<?xml version="1.0" encoding="utf-8"?>
<Project ToolsVersion="4.0" xmlns="http://schemas.microsoft.com/developer/msbuild/2003">
  <ItemGroup>
    <Filter Include="_">
      <UniqueIdentifier>{0eefd396-c978-46b1-8327-17aebbb08fc6}</UniqueIdentifier>
    </Filter>
    <Filter Include="_\resource">
      <UniqueIdentifier>{67DA6AB6-F800-4c08-8B7A-83BB121AAD01}</UniqueIdentifier>
      <Extensions>rc;ico;cur;bmp;dlg;rc2;rct;bin;rgs;gif;jpg;jpeg;jpe;resx;tiff;tif;png;wav;mfcribbon-ms</Extensions>
    </Filter>
    <Filter Include="main_thread">
      <UniqueIdentifier>{80cdc7d3-af3c-472f-a4aa-d8abfa98e892}</UniqueIdentifier>
    </Filter>
    <Filter Include="hook">
      <UniqueIdentifier>{7bf1ef5b-9fc6-498d-b832-f9cf92b65a88}</UniqueIdentifier>
    </Filter>
  </ItemGroup>
  <ItemGroup>
    <ClInclude Include="pch.h">
      <Filter>_</Filter>
    </ClInclude>
    <ClInclude Include="addin.hpp" />
    <ClInclude Include="config_io.hpp" />
    <ClInclude Include="font_dialog.hpp" />
    <ClInclude Include="hive.hpp" />
    <ClInclude Include="utils.hpp" />
    <ClInclude Include="resource.h">
      <Filter>_\resource</Filter>
    </ClInclude>
    <ClInclude Include="main_thread\controller.hpp">
      <Filter>main_thread</Filter>
    </ClInclude>
    <ClInclude Include="main_thread\model.hpp">
      <Filter>main_thread</Filter>
    </ClInclude>
    <ClInclude Include="main_thread\paint_option_dialog.hpp">
      <Filter>main_thread</Filter>
    </ClInclude>
    <ClInclude Include="main_thread\view.hpp">
      <Filter>main_thread</Filter>
    </ClInclude>
    <ClInclude Include="hook\exedit_window.hpp">
      <Filter>hook</Filter>
    </ClInclude>
    <ClInclude Include="main_thread\context.hpp">
      <Filter>main_thread</Filter>
    </ClInclude>
    <ClInclude Include="main_thread\property.hpp">
      <Filter>main_thread</Filter>
    </ClInclude>
    <ClInclude Include="main_thread\state.hpp">
      <Filter>main_thread</Filter>
    </ClInclude>
  </ItemGroup>
  <ItemGroup>
    <ClCompile Include="pch.cpp">
      <Filter>_</Filter>
    </ClCompile>
    <ClCompile Include="main.cpp">
      <Filter>_</Filter>
    </ClCompile>
  </ItemGroup>
  <ItemGroup>
    <ResourceCompile Include="resource.rc">
      <Filter>_\resource</Filter>
    </ResourceCompile>
  </ItemGroup>
  <ItemGroup>
    <None Include="main.def">
      <Filter>_</Filter>
    </None>
  </ItemGroup>
</Project>