<?xml version="1.0" encoding="utf-8"?>
<Project ToolsVersion="4.0" xmlns="http://schemas.microsoft.com/developer/msbuild/2003">
  <ItemGroup>
    <Filter Include="_">
      <UniqueIdentifier>{0eefd396-c978-46b1-8327-17aebbb08fc6}</UniqueIdentifier>
    </Filter>
    <Filter Include="_\resource">
      <UniqueIdentifier>{67DA6AB6-F800-4c08-8B7A-83BB121AAD01}</UniqueIdentifier>
      <Extensions>rc;ico;cur;bmp;dlg;rc2;rct;bin;rgs;gif;jpg;jpeg;jpe;resx;tiff;tif;png;wav;mfcribbon-ms</Extensions>
    </Filter>
    <Filter Include="controller">
      <UniqueIdentifier>{4a2221ce-6aed-424c-8fff-0684b4bc6f78}</UniqueIdentifier>
    </Filter>
    <Filter Include="model">
      <UniqueIdentifier>{1b2914c1-9830-48cb-9030-f0c79fae2771}</UniqueIdentifier>
    </Filter>
    <Filter Include="view">
      <UniqueIdentifier>{8294a8c5-30e5-44c1-ae57-a1cfab882862}</UniqueIdentifier>
    </Filter>
    <Filter Include="controller\hook">
      <UniqueIdentifier>{7bf1ef5b-9fc6-498d-b832-f9cf92b65a88}</UniqueIdentifier>
    </Filter>
    <Filter Include="model\state">
      <UniqueIdentifier>{d35e641d-307b-46a3-a55b-efecd248abdf}</UniqueIdentifier>
    </Filter>
  </ItemGroup>
  <ItemGroup>
    <ClInclude Include="pch.h">
      <Filter>_</Filter>
    </ClInclude>
    <ClInclude Include="addin.hpp" />
    <ClInclude Include="utils.hpp" />
    <ClInclude Include="resource.h">
      <Filter>_\resource</Filter>
    </ClInclude>
    <ClInclude Include="view\font_dialog.hpp">
      <Filter>view</Filter>
    </ClInclude>
    <ClInclude Include="controller\config_io.hpp">
      <Filter>controller</Filter>
    </ClInclude>
    <ClInclude Include="controller\app.hpp">
      <Filter>controller</Filter>
    </ClInclude>
    <ClInclude Include="controller\hook\exedit_window.hpp">
      <Filter>controller\hook</Filter>
    </ClInclude>
    <ClInclude Include="model\context.hpp">
      <Filter>model</Filter>
    </ClInclude>
    <ClInclude Include="model\property.hpp">
      <Filter>model</Filter>
    </ClInclude>
    <ClInclude Include="model\state.hpp">
      <Filter>model</Filter>
    </ClInclude>
    <ClInclude Include="view\paint_option_dialog.hpp">
      <Filter>view</Filter>
    </ClInclude>
    <ClInclude Include="view\overview.hpp">
      <Filter>view</Filter>
    </ClInclude>
    <ClInclude Include="model\state\dx.hpp">
      <Filter>model\state</Filter>
    </ClInclude>
    <ClInclude Include="model\state\render_target.hpp">
      <Filter>model\state</Filter>
    </ClInclude>
  </ItemGroup>
  <ItemGroup>
    <ClCompile Include="pch.cpp">
      <Filter>_</Filter>
    </ClCompile>
    <ClCompile Include="main.cpp">
      <Filter>_</Filter>
    </ClCompile>
  </ItemGroup>
  <ItemGroup>
    <ResourceCompile Include="resource.rc">
      <Filter>_\resource</Filter>
    </ResourceCompile>
  </ItemGroup>
  <ItemGroup>
    <None Include="main.def">
      <Filter>_</Filter>
    </None>
  </ItemGroup>
</Project>