<?xml version="1.0" encoding="utf-8"?>
<Project ToolsVersion="4.0" xmlns="http://schemas.microsoft.com/developer/msbuild/2003">
  <ItemGroup>
    <Filter Include="Framework">
      <UniqueIdentifier>{28e1c815-30ae-44a9-b97b-da6f38d3f851}</UniqueIdentifier>
    </Filter>
    <Filter Include="Fate">
      <UniqueIdentifier>{db5d2c85-033b-45b6-9f76-034ee2280a9d}</UniqueIdentifier>
    </Filter>
    <Filter Include="Tools">
      <UniqueIdentifier>{753d13b5-7567-4d9d-b846-a583c9436874}</UniqueIdentifier>
    </Filter>
  </ItemGroup>
  <ItemGroup>
    <ClInclude Include="pch.h">
      <Filter>Framework</Filter>
    </ClInclude>
    <ClInclude Include="Master.h" />
    <ClInclude Include="Story.h" />
    <ClInclude Include="..\Fate\Chaldea.h">
      <Filter>Fate</Filter>
    </ClInclude>
    <ClInclude Include="..\Fate\Fate.h">
      <Filter>Fate</Filter>
    </ClInclude>
    <ClInclude Include="..\Fate\Servant.h">
      <Filter>Fate</Filter>
    </ClInclude>
    <ClInclude Include="..\Fate\Universe.h">
      <Filter>Fate</Filter>
    </ClInclude>
    <ClInclude Include="..\Tools\edit_predicates.h">
      <Filter>Tools</Filter>
    </ClInclude>
    <ClInclude Include="..\Tools\FilterHolder.h">
      <Filter>Tools</Filter>
    </ClInclude>
    <ClInclude Include="..\Tools\GdiBitmap.h">
      <Filter>Tools</Filter>
    </ClInclude>
    <ClInclude Include="..\Tools\Hook.h">
      <Filter>Tools</Filter>
    </ClInclude>
    <ClInclude Include="..\Tools\LayeredWindowInfo.h">
      <Filter>Tools</Filter>
    </ClInclude>
    <ClInclude Include="..\Tools\ObjectHolder.h">
      <Filter>Tools</Filter>
    </ClInclude>
    <ClInclude Include="..\Tools\Tools.h">
      <Filter>Tools</Filter>
    </ClInclude>
  </ItemGroup>
  <ItemGroup>
    <ClCompile Include="pch.cpp">
      <Filter>Framework</Filter>
    </ClCompile>
    <ClCompile Include="Main.cpp" />
  </ItemGroup>
  <ItemGroup>
    <None Include="Main.def">
      <Filter>Framework</Filter>
    </None>
    <None Include="..\Fate\Grand Order">
      <Filter>Fate</Filter>
    </None>
  </ItemGroup>
</Project>