<?xml version="1.0" encoding="utf-8"?>
<Project ToolsVersion="4.0" xmlns="http://schemas.microsoft.com/developer/msbuild/2003">
  <ItemGroup>
    <Filter Include="framework">
      <UniqueIdentifier>{28e1c815-30ae-44a9-b97b-da6f38d3f851}</UniqueIdentifier>
    </Filter>
    <Filter Include="common">
      <UniqueIdentifier>{bf1fc9e4-c701-4ee9-a8ea-30f267c17984}</UniqueIdentifier>
    </Filter>
    <Filter Include="common\my">
      <UniqueIdentifier>{d3227a9b-82f1-4783-9608-f7a623b869d8}</UniqueIdentifier>
    </Filter>
    <Filter Include="common\my\aviutl">
      <UniqueIdentifier>{b4b482a7-bd5c-40ba-9452-d2d785c56b48}</UniqueIdentifier>
    </Filter>
    <Filter Include="common\my\tools">
      <UniqueIdentifier>{5ad155e0-d626-482e-a34b-e703d9ae0f89}</UniqueIdentifier>
    </Filter>
    <Filter Include="common\core">
      <UniqueIdentifier>{db5d2c85-033b-45b6-9f76-034ee2280a9d}</UniqueIdentifier>
    </Filter>
  </ItemGroup>
  <ItemGroup>
    <ClInclude Include="pch.h">
      <Filter>framework</Filter>
    </ClInclude>
    <ClInclude Include="addin_loader.hpp" />
    <ClInclude Include="plugin.hpp" />
    <ClInclude Include="initializer.hpp" />
    <ClInclude Include="plugin_window.hpp" />
    <ClInclude Include="hive.hpp" />
    <ClInclude Include="config_io.hpp" />
    <ClInclude Include="..\common\my\DesignBase.h">
      <Filter>common\my</Filter>
    </ClInclude>
    <ClInclude Include="..\common\my\detours.hpp">
      <Filter>common\my</Filter>
    </ClInclude>
    <ClInclude Include="..\common\my\dialog.hpp">
      <Filter>common\my</Filter>
    </ClInclude>
    <ClInclude Include="..\common\my\dialog2.hpp">
      <Filter>common\my</Filter>
    </ClInclude>
    <ClInclude Include="..\common\my\FileUpdateChecker.h">
      <Filter>common\my</Filter>
    </ClInclude>
    <ClInclude Include="..\common\my\gdi.hpp">
      <Filter>common\my</Filter>
    </ClInclude>
    <ClInclude Include="..\common\my\Gdiplus.h">
      <Filter>common\my</Filter>
    </ClInclude>
    <ClInclude Include="..\common\my\json.hpp">
      <Filter>common\my</Filter>
    </ClInclude>
    <ClInclude Include="..\common\my\Label.h">
      <Filter>common\my</Filter>
    </ClInclude>
    <ClInclude Include="..\common\my\MFC.h">
      <Filter>common\my</Filter>
    </ClInclude>
    <ClInclude Include="..\common\my\MSXML.h">
      <Filter>common\my</Filter>
    </ClInclude>
    <ClInclude Include="..\common\my\Profile.h">
      <Filter>common\my</Filter>
    </ClInclude>
    <ClInclude Include="..\common\my\ShortcutKey.h">
      <Filter>common\my</Filter>
    </ClInclude>
    <ClInclude Include="..\common\my\tools.hpp">
      <Filter>common\my</Filter>
    </ClInclude>
    <ClInclude Include="..\common\my\trace.hpp">
      <Filter>common\my</Filter>
    </ClInclude>
    <ClInclude Include="..\common\my\trace_to_file.hpp">
      <Filter>common\my</Filter>
    </ClInclude>
    <ClInclude Include="..\common\my\win_utils.hpp">
      <Filter>common\my</Filter>
    </ClInclude>
    <ClInclude Include="..\common\my\window.hpp">
      <Filter>common\my</Filter>
    </ClInclude>
    <ClInclude Include="..\common\my\window_interseptor.hpp">
      <Filter>common\my</Filter>
    </ClInclude>
    <ClInclude Include="..\common\my\window2.hpp">
      <Filter>common\my</Filter>
    </ClInclude>
    <ClInclude Include="..\common\my\aviutl\aviutl_internal.hpp">
      <Filter>common\my\aviutl</Filter>
    </ClInclude>
    <ClInclude Include="..\common\my\aviutl\exedit_internal.hpp">
      <Filter>common\my\aviutl</Filter>
    </ClInclude>
    <ClInclude Include="..\common\my\aviutl\plugin_window.hpp">
      <Filter>common\my\aviutl</Filter>
    </ClInclude>
    <ClInclude Include="..\common\my\aviutl\plugin_window_extension.hpp">
      <Filter>common\my\aviutl</Filter>
    </ClInclude>
    <ClInclude Include="..\common\my\aviutl\SliderPanel.h">
      <Filter>common\my\aviutl</Filter>
    </ClInclude>
    <ClInclude Include="..\common\my\aviutl\window_holder_extension.hpp">
      <Filter>common\my\aviutl</Filter>
    </ClInclude>
    <ClInclude Include="..\common\core\addin.hpp">
      <Filter>common\core</Filter>
    </ClInclude>
    <ClInclude Include="..\common\core\addin_manager.hpp">
      <Filter>common\core</Filter>
    </ClInclude>
    <ClInclude Include="..\common\core\include.hpp">
      <Filter>common\core</Filter>
    </ClInclude>
    <ClInclude Include="..\common\core\magi.hpp">
      <Filter>common\core</Filter>
    </ClInclude>
    <ClInclude Include="..\common\core\module.hpp">
      <Filter>common\core</Filter>
    </ClInclude>
    <ClInclude Include="..\common\core\std_config_io.hpp">
      <Filter>common\core</Filter>
    </ClInclude>
  </ItemGroup>
  <ItemGroup>
    <ClCompile Include="pch.cpp">
      <Filter>framework</Filter>
    </ClCompile>
    <ClCompile Include="main.cpp" />
  </ItemGroup>
  <ItemGroup>
    <None Include="main.def">
      <Filter>framework</Filter>
    </None>
  </ItemGroup>
</Project>