<?xml version="1.0" encoding="utf-8"?>
<Project ToolsVersion="4.0" xmlns="http://schemas.microsoft.com/developer/msbuild/2003">
  <ItemGroup>
    <Filter Include="Framework">
      <UniqueIdentifier>{28e1c815-30ae-44a9-b97b-da6f38d3f851}</UniqueIdentifier>
    </Filter>
    <Filter Include="Fate">
      <UniqueIdentifier>{db5d2c85-033b-45b6-9f76-034ee2280a9d}</UniqueIdentifier>
    </Filter>
  </ItemGroup>
  <ItemGroup>
    <ClInclude Include="pch.h">
      <Filter>Framework</Filter>
    </ClInclude>
    <ClInclude Include="Master.h" />
    <ClInclude Include="Story.h" />
    <ClInclude Include="..\Fate\Fate.h">
      <Filter>Fate</Filter>
    </ClInclude>
    <ClInclude Include="..\Fate\GrandOrder.h">
      <Filter>Fate</Filter>
    </ClInclude>
    <ClInclude Include="..\Fate\Servant.h">
      <Filter>Fate</Filter>
    </ClInclude>
    <ClInclude Include="..\Fate\edit_predicates.h">
      <Filter>Fate</Filter>
    </ClInclude>
    <ClInclude Include="..\Fate\Hook.h">
      <Filter>Fate</Filter>
    </ClInclude>
    <ClInclude Include="..\Fate\Tools.h">
      <Filter>Fate</Filter>
    </ClInclude>
    <ClInclude Include="..\Fate\FilterHolder.h">
      <Filter>Fate</Filter>
    </ClInclude>
    <ClInclude Include="..\Fate\GdiBitmap.h">
      <Filter>Fate</Filter>
    </ClInclude>
    <ClInclude Include="..\Fate\LayeredWindowInfo.h">
      <Filter>Fate</Filter>
    </ClInclude>
    <ClInclude Include="..\Fate\ObjectHolder.h">
      <Filter>Fate</Filter>
    </ClInclude>
  </ItemGroup>
  <ItemGroup>
    <ClCompile Include="pch.cpp">
      <Filter>Framework</Filter>
    </ClCompile>
    <ClCompile Include="Main.cpp" />
  </ItemGroup>
  <ItemGroup>
    <None Include="..\Fate\Grand Order">
      <Filter>Fate</Filter>
    </None>
    <None Include="Main.def">
      <Filter>Framework</Filter>
    </None>
  </ItemGroup>
</Project>