<?xml version="1.0" encoding="utf-8"?>
<Project ToolsVersion="4.0" xmlns="http://schemas.microsoft.com/developer/msbuild/2003">
  <ItemGroup>
    <Filter Include="resource">
      <UniqueIdentifier>{67DA6AB6-F800-4c08-8B7A-83BB121AAD01}</UniqueIdentifier>
      <Extensions>rc;ico;cur;bmp;dlg;rc2;rct;bin;rgs;gif;jpg;jpeg;jpe;resx;tiff;tif;png;wav;mfcribbon-ms</Extensions>
    </Filter>
    <Filter Include="framework">
      <UniqueIdentifier>{4d329be3-7c03-4d30-a949-eb28142ea02e}</UniqueIdentifier>
    </Filter>
    <Filter Include="hook">
      <UniqueIdentifier>{1b8b2a5e-a3b2-4293-a08d-79fbec3a77bd}</UniqueIdentifier>
    </Filter>
    <Filter Include="element">
      <UniqueIdentifier>{d679978c-f832-4fa3-94cc-b99c8ccb3df9}</UniqueIdentifier>
    </Filter>
    <Filter Include="element\sub_process">
      <UniqueIdentifier>{3fe2baf1-6484-4093-9ec7-3f61c74c81af}</UniqueIdentifier>
    </Filter>
    <Filter Include="element\pane">
      <UniqueIdentifier>{77e76dec-1209-4850-bcb3-5954324b9c5f}</UniqueIdentifier>
    </Filter>
    <Filter Include="element\pane\shuttle">
      <UniqueIdentifier>{f850f9e7-bfc4-4bf9-b9f0-9ffa0d635da3}</UniqueIdentifier>
    </Filter>
    <Filter Include="element\pane\shuttle\container">
      <UniqueIdentifier>{bbe09295-4f3f-484a-80d3-7ee20fcfbb71}</UniqueIdentifier>
    </Filter>
    <Filter Include="element\dock">
      <UniqueIdentifier>{eff8b788-948f-4b49-9692-1649dce466cd}</UniqueIdentifier>
    </Filter>
    <Filter Include="hook\global">
      <UniqueIdentifier>{82fe53e3-4b3e-4559-a799-42a3fe02985e}</UniqueIdentifier>
    </Filter>
    <Filter Include="hook\local">
      <UniqueIdentifier>{2ac3eee2-d3e5-4b0f-8db7-d6c2d6878a03}</UniqueIdentifier>
    </Filter>
    <Filter Include="hook\win_hook">
      <UniqueIdentifier>{47c2022c-824f-40c4-bc3b-695cbd1d1e59}</UniqueIdentifier>
    </Filter>
    <Filter Include="hook\win_event">
      <UniqueIdentifier>{9e9d9891-af20-4e45-83ac-e4251626cab9}</UniqueIdentifier>
    </Filter>
  </ItemGroup>
  <ItemGroup>
    <ClInclude Include="pch.h">
      <Filter>framework</Filter>
    </ClInclude>
    <ClInclude Include="resource.h">
      <Filter>resource</Filter>
    </ClInclude>
    <ClInclude Include="hive.hpp" />
    <ClInclude Include="shuttle\aviutl_window.hpp">
      <Filter>element\pane\shuttle</Filter>
    </ClInclude>
    <ClInclude Include="shuttle\exedit_window.hpp">
      <Filter>element\pane\shuttle</Filter>
    </ClInclude>
    <ClInclude Include="shuttle\setting_dialog.hpp">
      <Filter>element\pane\shuttle</Filter>
    </ClInclude>
    <ClInclude Include="pane\pane.hpp">
      <Filter>element\pane</Filter>
    </ClInclude>
    <ClInclude Include="shuttle\shuttle.hpp">
      <Filter>element\pane\shuttle</Filter>
    </ClInclude>
    <ClInclude Include="shuttle\shuttle_manager.hpp">
      <Filter>element\pane\shuttle</Filter>
    </ClInclude>
    <ClInclude Include="container\container.hpp">
      <Filter>element\pane\shuttle\container</Filter>
    </ClInclude>
    <ClInclude Include="container\scroll_container.hpp">
      <Filter>element\pane\shuttle\container</Filter>
    </ClInclude>
    <ClInclude Include="container\spread_container.hpp">
      <Filter>element\pane\shuttle\container</Filter>
    </ClInclude>
    <ClInclude Include="pane\tab.hpp">
      <Filter>element\pane</Filter>
    </ClInclude>
    <ClInclude Include="preference_loader.hpp" />
    <ClInclude Include="preference_saver.hpp" />
    <ClInclude Include="addin.hpp" />
    <ClInclude Include="pane\root_pane.hpp">
      <Filter>element\pane</Filter>
    </ClInclude>
    <ClInclude Include="config_io.hpp" />
    <ClInclude Include="painter.hpp" />
    <ClInclude Include="sub_process\console.hpp">
      <Filter>element\sub_process</Filter>
    </ClInclude>
    <ClInclude Include="sub_process\psdtoolkit.hpp">
      <Filter>element\sub_process</Filter>
    </ClInclude>
    <ClInclude Include="sub_process\sub_process.hpp">
      <Filter>element\sub_process</Filter>
    </ClInclude>
    <ClInclude Include="preference_io.hpp" />
    <ClInclude Include="hook\manager.hpp">
      <Filter>hook</Filter>
    </ClInclude>
    <ClInclude Include="app.hpp" />
    <ClInclude Include="sub_process\sub_process_manager.hpp">
      <Filter>element\sub_process</Filter>
    </ClInclude>
    <ClInclude Include="pane\tav.hpp">
      <Filter>element\pane</Filter>
    </ClInclude>
    <ClInclude Include="dock\dock_site.hpp">
      <Filter>element\dock</Filter>
    </ClInclude>
    <ClInclude Include="dock\layout_list.hpp">
      <Filter>element\dock</Filter>
    </ClInclude>
    <ClInclude Include="dock\main_window.hpp">
      <Filter>element\dock</Filter>
    </ClInclude>
    <ClInclude Include="dock\sub_window.hpp">
      <Filter>element\dock</Filter>
    </ClInclude>
    <ClInclude Include="pane\drawer.hpp">
      <Filter>element\pane</Filter>
    </ClInclude>
    <ClInclude Include="dock\drawer_manager.hpp">
      <Filter>element\dock</Filter>
    </ClInclude>
    <ClInclude Include="pane\drawer_config_dialog.hpp">
      <Filter>element\pane</Filter>
    </ClInclude>
    <ClInclude Include="pane\pane_config_dialog.hpp">
      <Filter>element\pane</Filter>
    </ClInclude>
    <ClInclude Include="hook\entity.hpp">
      <Filter>hook</Filter>
    </ClInclude>
    <ClInclude Include="hook\win_event\hide_window.hpp">
      <Filter>hook\win_event</Filter>
    </ClInclude>
    <ClInclude Include="hook\win_event\move_cursor.hpp">
      <Filter>hook\win_event</Filter>
    </ClInclude>
    <ClInclude Include="hook\win_hook\get_message.hpp">
      <Filter>hook\win_hook</Filter>
    </ClInclude>
    <ClInclude Include="hook\local\aviutl.hpp">
      <Filter>hook\local</Filter>
    </ClInclude>
    <ClInclude Include="hook\local\color_palette.hpp">
      <Filter>hook\local</Filter>
    </ClInclude>
    <ClInclude Include="hook\local\exedit.hpp">
      <Filter>hook\local</Filter>
    </ClInclude>
    <ClInclude Include="hook\local\extoolbar.hpp">
      <Filter>hook\local</Filter>
    </ClInclude>
    <ClInclude Include="hook\local\jumpbarx.hpp">
      <Filter>hook\local</Filter>
    </ClInclude>
    <ClInclude Include="hook\local\vsthost.hpp">
      <Filter>hook\local</Filter>
    </ClInclude>
    <ClInclude Include="hook\local\z_ram_preview.hpp">
      <Filter>hook\local</Filter>
    </ClInclude>
    <ClInclude Include="hook\global\menu.hpp">
      <Filter>hook\global</Filter>
    </ClInclude>
    <ClInclude Include="hook\global\window.hpp">
      <Filter>hook\global</Filter>
    </ClInclude>
    <ClInclude Include="hook\global\window_pos.hpp">
      <Filter>hook\global</Filter>
    </ClInclude>
    <ClInclude Include="container\fixed_spread_container.hpp">
      <Filter>element\pane\shuttle\container</Filter>
    </ClInclude>
    <ClInclude Include="shuttle\player_window.hpp">
      <Filter>element\pane\shuttle</Filter>
    </ClInclude>
    <ClInclude Include="utils.hpp" />
    <ClInclude Include="hook\local\cutedit.hpp">
      <Filter>hook\local</Filter>
    </ClInclude>
    <ClInclude Include="dock\slimbar.hpp">
      <Filter>element\dock</Filter>
    </ClInclude>
  </ItemGroup>
  <ItemGroup>
    <ClCompile Include="pch.cpp">
      <Filter>framework</Filter>
    </ClCompile>
    <ClCompile Include="main.cpp" />
  </ItemGroup>
  <ItemGroup>
    <None Include="main.def">
      <Filter>framework</Filter>
    </None>
  </ItemGroup>
  <ItemGroup>
    <ResourceCompile Include="workspace.aua.rc">
      <Filter>resource</Filter>
    </ResourceCompile>
  </ItemGroup>
</Project>