<?xml version="1.0" encoding="utf-8"?>
<Project ToolsVersion="4.0" xmlns="http://schemas.microsoft.com/developer/msbuild/2003">
  <ItemGroup>
    <Filter Include="Resource">
      <UniqueIdentifier>{67DA6AB6-F800-4c08-8B7A-83BB121AAD01}</UniqueIdentifier>
      <Extensions>rc;ico;cur;bmp;dlg;rc2;rct;bin;rgs;gif;jpg;jpeg;jpe;resx;tiff;tif;png;wav;mfcribbon-ms</Extensions>
    </Filter>
    <Filter Include="Framework">
      <UniqueIdentifier>{2dff757e-ecd5-45d0-9a9f-8c417f3140ed}</UniqueIdentifier>
    </Filter>
  </ItemGroup>
  <ItemGroup>
    <ClInclude Include="Resource.h">
      <Filter>Resource</Filter>
    </ClInclude>
    <ClInclude Include="FilerGui.h" />
    <ClInclude Include="pch.h">
      <Filter>Framework</Filter>
    </ClInclude>
    <ClInclude Include="targetver.h">
      <Filter>Framework</Filter>
    </ClInclude>
    <ClInclude Include="framework.h">
      <Filter>Framework</Filter>
    </ClInclude>
    <ClInclude Include="Manager.h" />
    <ClInclude Include="Hive.h" />
    <ClInclude Include="ClientWindow.h" />
    <ClInclude Include="FilerDialog.h" />
  </ItemGroup>
  <ItemGroup>
    <ClCompile Include="FilerGui.cpp" />
    <ClCompile Include="pch.cpp">
      <Filter>Framework</Filter>
    </ClCompile>
    <ClCompile Include="Manager.cpp" />
    <ClCompile Include="ClientWindow.cpp" />
    <ClCompile Include="FilerDialog.cpp" />
  </ItemGroup>
  <ItemGroup>
    <ResourceCompile Include="FilerGui.rc">
      <Filter>Resource</Filter>
    </ResourceCompile>
  </ItemGroup>
  <ItemGroup>
    <None Include="res\FilerGui.rc2">
      <Filter>Resource</Filter>
    </None>
    <None Include="Main.def">
      <Filter>Framework</Filter>
    </None>
  </ItemGroup>
  <ItemGroup>
    <Image Include="res\FilerGui.ico">
      <Filter>Resource</Filter>
    </Image>
  </ItemGroup>
</Project>