<?xml version="1.0" encoding="utf-8"?>
<Project ToolsVersion="4.0" xmlns="http://schemas.microsoft.com/developer/msbuild/2003">
  <ItemGroup>
    <Filter Include="Resource">
      <UniqueIdentifier>{67DA6AB6-F800-4c08-8B7A-83BB121AAD01}</UniqueIdentifier>
      <Extensions>rc;ico;cur;bmp;dlg;rc2;rct;bin;rgs;gif;jpg;jpeg;jpe;resx;tiff;tif;png;wav;mfcribbon-ms</Extensions>
    </Filter>
    <Filter Include="Framework">
      <UniqueIdentifier>{48c155b5-3b4c-4b27-a96f-8cf708938a03}</UniqueIdentifier>
    </Filter>
    <Filter Include="Hook">
      <UniqueIdentifier>{df4cbf40-e4af-47cc-8a17-bbc44196abc6}</UniqueIdentifier>
    </Filter>
    <Filter Include="Hook\Api">
      <UniqueIdentifier>{487b9fab-7a73-4204-9457-1c34ef2f2941}</UniqueIdentifier>
    </Filter>
    <Filter Include="Skin">
      <UniqueIdentifier>{999b8541-4b70-49d3-a35e-7c4db2e0e1f4}</UniqueIdentifier>
    </Filter>
    <Filter Include="Renderer">
      <UniqueIdentifier>{cdca75b2-2c63-4bf3-9381-e7ed7ed8ecc4}</UniqueIdentifier>
    </Filter>
    <Filter Include="Renderer\Gdi">
      <UniqueIdentifier>{dbba7203-f245-4415-8b00-cffef571688e}</UniqueIdentifier>
    </Filter>
    <Filter Include="Renderer\Gdi\Element">
      <UniqueIdentifier>{5c4f8367-9952-40f8-9d94-db743ee7749d}</UniqueIdentifier>
    </Filter>
    <Filter Include="Renderer\Theme">
      <UniqueIdentifier>{36d7fb11-4a65-41f7-bf7c-1e63b8238a12}</UniqueIdentifier>
    </Filter>
    <Filter Include="Renderer\Theme\Element">
      <UniqueIdentifier>{bd27928e-f696-4e72-8f8a-12ee95e9c88f}</UniqueIdentifier>
    </Filter>
    <Filter Include="Skin\Figure">
      <UniqueIdentifier>{350c7b65-dd90-4069-ac77-9e97fa30749b}</UniqueIdentifier>
    </Filter>
    <Filter Include="Skin\Theme">
      <UniqueIdentifier>{7a0ce9fa-b477-4380-88ef-8f1a1f805842}</UniqueIdentifier>
    </Filter>
  </ItemGroup>
  <ItemGroup>
    <ClInclude Include="pch.h">
      <Filter>Framework</Filter>
    </ClInclude>
    <ClInclude Include="Servant.h" />
    <ClInclude Include="Skin.h" />
    <ClInclude Include="resource.h">
      <Filter>Resource</Filter>
    </ClInclude>
    <ClInclude Include="Hook\Api.h">
      <Filter>Hook</Filter>
    </ClInclude>
    <ClInclude Include="Hook\Api\CreateWindow.h">
      <Filter>Hook\Api</Filter>
    </ClInclude>
    <ClInclude Include="ActCtx.h" />
    <ClInclude Include="Hook\Api\GetModuleHandle.h">
      <Filter>Hook\Api</Filter>
    </ClInclude>
    <ClInclude Include="Hook\CBT.h">
      <Filter>Hook</Filter>
    </ClInclude>
    <ClInclude Include="Hook\Api\Theme.h">
      <Filter>Hook\Api</Filter>
    </ClInclude>
    <ClInclude Include="Hook\Api\Gdi.h">
      <Filter>Hook\Api</Filter>
    </ClInclude>
    <ClInclude Include="Hive.h" />
    <ClInclude Include="Theme\Manager.h">
      <Filter>Renderer\Theme</Filter>
    </ClInclude>
    <ClInclude Include="Gdi\Manager.h">
      <Filter>Renderer\Gdi</Filter>
    </ClInclude>
    <ClInclude Include="Gdi\Renderer.h">
      <Filter>Renderer\Gdi</Filter>
    </ClInclude>
    <ClInclude Include="Theme\Renderer.h">
      <Filter>Renderer\Theme</Filter>
    </ClInclude>
    <ClInclude Include="Theme\Element\Menu.h">
      <Filter>Renderer\Theme\Element</Filter>
    </ClInclude>
    <ClInclude Include="Theme\Client.h">
      <Filter>Renderer\Theme</Filter>
    </ClInclude>
    <ClInclude Include="Hook\Api\LoadIcon.h">
      <Filter>Hook\Api</Filter>
    </ClInclude>
    <ClInclude Include="Painter.h" />
    <ClInclude Include="Gdi\Client.h">
      <Filter>Renderer\Gdi</Filter>
    </ClInclude>
    <ClInclude Include="Gdi\Element\Dialog.h">
      <Filter>Renderer\Gdi\Element</Filter>
    </ClInclude>
    <ClInclude Include="Gdi\Element\Button.h">
      <Filter>Renderer\Gdi\Element</Filter>
    </ClInclude>
    <ClInclude Include="Gdi\Element\EditBox.h">
      <Filter>Renderer\Gdi\Element</Filter>
    </ClInclude>
    <ClInclude Include="Gdi\Element\Static.h">
      <Filter>Renderer\Gdi\Element</Filter>
    </ClInclude>
    <ClInclude Include="Gdi\RendererNc.h">
      <Filter>Renderer\Gdi</Filter>
    </ClInclude>
    <ClInclude Include="Theme\Element\Static.h">
      <Filter>Renderer\Theme\Element</Filter>
    </ClInclude>
    <ClInclude Include="Theme\Element\Button.h">
      <Filter>Renderer\Theme\Element</Filter>
    </ClInclude>
    <ClInclude Include="Theme\Element\ScrollBar.h">
      <Filter>Renderer\Theme\Element</Filter>
    </ClInclude>
    <ClInclude Include="Theme\Element\EditBox.h">
      <Filter>Renderer\Theme\Element</Filter>
    </ClInclude>
    <ClInclude Include="Gdi\Element\ComboBox.h">
      <Filter>Renderer\Gdi\Element</Filter>
    </ClInclude>
    <ClInclude Include="Gdi\Element\ListBox.h">
      <Filter>Renderer\Gdi\Element</Filter>
    </ClInclude>
    <ClInclude Include="Theme\Element\ComboBox.h">
      <Filter>Renderer\Theme\Element</Filter>
    </ClInclude>
    <ClInclude Include="Theme\Element\ListBox.h">
      <Filter>Renderer\Theme\Element</Filter>
    </ClInclude>
    <ClInclude Include="Gdi\Element\AviUtlButton.h">
      <Filter>Renderer\Gdi\Element</Filter>
    </ClInclude>
    <ClInclude Include="Gdi\Element\AviUtl.h">
      <Filter>Renderer\Gdi\Element</Filter>
    </ClInclude>
    <ClInclude Include="Gdi\Element\ToolTip.h">
      <Filter>Renderer\Gdi\Element</Filter>
    </ClInclude>
    <ClInclude Include="Gdi\Element\TrackBar.h">
      <Filter>Renderer\Gdi\Element</Filter>
    </ClInclude>
    <ClInclude Include="Gdi\Element\Spin.h">
      <Filter>Renderer\Gdi\Element</Filter>
    </ClInclude>
    <ClInclude Include="Gdi\Element\ListView.h">
      <Filter>Renderer\Gdi\Element</Filter>
    </ClInclude>
    <ClInclude Include="Gdi\Element\TreeView.h">
      <Filter>Renderer\Gdi\Element</Filter>
    </ClInclude>
    <ClInclude Include="Gdi\Element\Tab.h">
      <Filter>Renderer\Gdi\Element</Filter>
    </ClInclude>
    <ClInclude Include="Gdi\Element\ToolBar.h">
      <Filter>Renderer\Gdi\Element</Filter>
    </ClInclude>
    <ClInclude Include="Theme\Element\Spin.h">
      <Filter>Renderer\Theme\Element</Filter>
    </ClInclude>
    <ClInclude Include="Theme\Element\TrackBar.h">
      <Filter>Renderer\Theme\Element</Filter>
    </ClInclude>
    <ClInclude Include="Theme\Element\ToolTip.h">
      <Filter>Renderer\Theme\Element</Filter>
    </ClInclude>
    <ClInclude Include="Theme\Element\CommandModule.h">
      <Filter>Renderer\Theme\Element</Filter>
    </ClInclude>
    <ClInclude Include="Theme\Element\CommonItemsDialog.h">
      <Filter>Renderer\Theme\Element</Filter>
    </ClInclude>
    <ClInclude Include="Theme\Element\Header.h">
      <Filter>Renderer\Theme\Element</Filter>
    </ClInclude>
    <ClInclude Include="Theme\Element\ListView.h">
      <Filter>Renderer\Theme\Element</Filter>
    </ClInclude>
    <ClInclude Include="Theme\Element\PreviewPane.h">
      <Filter>Renderer\Theme\Element</Filter>
    </ClInclude>
    <ClInclude Include="Theme\Element\Tab.h">
      <Filter>Renderer\Theme\Element</Filter>
    </ClInclude>
    <ClInclude Include="Theme\Element\ToolBar.h">
      <Filter>Renderer\Theme\Element</Filter>
    </ClInclude>
    <ClInclude Include="Theme\Element\TreeView.h">
      <Filter>Renderer\Theme\Element</Filter>
    </ClInclude>
    <ClInclude Include="Theme\Element\Window.h">
      <Filter>Renderer\Theme\Element</Filter>
    </ClInclude>
    <ClInclude Include="Hook\Api\GetOpenFileName.h">
      <Filter>Hook\Api</Filter>
    </ClInclude>
    <ClInclude Include="Hook\ExEdit.h">
      <Filter>Hook</Filter>
    </ClInclude>
    <ClInclude Include="Hook\loudness.h">
      <Filter>Hook</Filter>
    </ClInclude>
    <ClInclude Include="Skin\Dwm.h">
      <Filter>Skin</Filter>
    </ClInclude>
    <ClInclude Include="Skin\ColorSet.h">
      <Filter>Skin</Filter>
    </ClInclude>
    <ClInclude Include="Skin\Config.h">
      <Filter>Skin</Filter>
    </ClInclude>
    <ClInclude Include="Skin\Theme\Manager.h">
      <Filter>Skin\Theme</Filter>
    </ClInclude>
    <ClInclude Include="Skin\Theme\Part.h">
      <Filter>Skin\Theme</Filter>
    </ClInclude>
    <ClInclude Include="Skin\Theme\Pocket.h">
      <Filter>Skin\Theme</Filter>
    </ClInclude>
    <ClInclude Include="Skin\Theme\State.h">
      <Filter>Skin\Theme</Filter>
    </ClInclude>
    <ClInclude Include="Skin\Theme\VSClass.h">
      <Filter>Skin\Theme</Filter>
    </ClInclude>
    <ClInclude Include="Skin\Figure\Node.h">
      <Filter>Skin\Figure</Filter>
    </ClInclude>
    <ClInclude Include="Skin\Figure\Manager.h">
      <Filter>Skin\Figure</Filter>
    </ClInclude>
    <ClInclude Include="Skin\Icon.h">
      <Filter>Skin</Filter>
    </ClInclude>
  </ItemGroup>
  <ItemGroup>
    <ClCompile Include="pch.cpp">
      <Filter>Framework</Filter>
    </ClCompile>
    <ClCompile Include="Main.cpp" />
  </ItemGroup>
  <ItemGroup>
    <None Include="Main.def">
      <Filter>Framework</Filter>
    </None>
  </ItemGroup>
  <ItemGroup>
    <ResourceCompile Include="Dark.rc">
      <Filter>Resource</Filter>
    </ResourceCompile>
  </ItemGroup>
</Project>